// !$*UTF8*$!
{
	archiveVersion = 1;
	classes = {
	};
	objectVersion = 46;
	objects = {

/* Begin PBXBuildFile section */
		1D1990BB16E79CF1007DE409 /* button-shield-homescreen.png in Resources */ = {isa = PBXBuildFile; fileRef = 1D1990BA16E79CF1007DE409 /* button-shield-homescreen.png */; };
		1D1990BF16E7B2F4007DE409 /* capture-start_on.png in Resources */ = {isa = PBXBuildFile; fileRef = 1D1990BD16E7B2F4007DE409 /* capture-start_on.png */; };
		1D1990C016E7B2F4007DE409 /* capture-start_off.png in Resources */ = {isa = PBXBuildFile; fileRef = 1D1990BE16E7B2F4007DE409 /* capture-start_off.png */; };
		1D1990C216E7BC68007DE409 /* header.png in Resources */ = {isa = PBXBuildFile; fileRef = 1D1990C116E7BC68007DE409 /* header.png */; };
		1D1990C416E7C589007DE409 /* border.png in Resources */ = {isa = PBXBuildFile; fileRef = 1D1990C316E7C589007DE409 /* border.png */; };
		1D58DDEC1685499800623FBA /* camera.jpeg in Resources */ = {isa = PBXBuildFile; fileRef = 1D58DDEB1685499800623FBA /* camera.jpeg */; };
		1D58DDEF16854BFB00623FBA /* Consts.m in Sources */ = {isa = PBXBuildFile; fileRef = 1D58DDEE16854BFB00623FBA /* Consts.m */; };
		1D58DDF716854DA400623FBA /* UIImage+AlphaAdditions.m in Sources */ = {isa = PBXBuildFile; fileRef = 1D58DDF216854DA400623FBA /* UIImage+AlphaAdditions.m */; };
		1D58DDF816854DA400623FBA /* UIImage+ResizeAdditions.m in Sources */ = {isa = PBXBuildFile; fileRef = 1D58DDF416854DA400623FBA /* UIImage+ResizeAdditions.m */; };
		1D58DDF916854DA400623FBA /* UIImage+RoundedCornerAdditions.m in Sources */ = {isa = PBXBuildFile; fileRef = 1D58DDF616854DA400623FBA /* UIImage+RoundedCornerAdditions.m */; };
		1D58DDFC16857CD100623FBA /* Camera.m in Sources */ = {isa = PBXBuildFile; fileRef = 1D58DDFB16857CD100623FBA /* Camera.m */; };
		1D5B7BAE16858BF300D04E76 /* PlateViewController.m in Sources */ = {isa = PBXBuildFile; fileRef = 1D5B7BAC16858BF300D04E76 /* PlateViewController.m */; };
		1D5B7BAF16858BF300D04E76 /* PlateViewController.xib in Resources */ = {isa = PBXBuildFile; fileRef = 1D5B7BAD16858BF300D04E76 /* PlateViewController.xib */; };
		1D5B7BBB1685992E00D04E76 /* TPKeyboardAvoidingScrollView.m in Sources */ = {isa = PBXBuildFile; fileRef = 1D5B7BBA1685992D00D04E76 /* TPKeyboardAvoidingScrollView.m */; };
		1D5B7BBE168661DA00D04E76 /* ANGRY FACE-1.gif in Resources */ = {isa = PBXBuildFile; fileRef = 1D5B7BBC168661DA00D04E76 /* ANGRY FACE-1.gif */; };
		1D5B7BBF168661DA00D04E76 /* happy-face.jpg in Resources */ = {isa = PBXBuildFile; fileRef = 1D5B7BBD168661DA00D04E76 /* happy-face.jpg */; };
		1D5B7BCA168669EE00D04E76 /* Location.m in Sources */ = {isa = PBXBuildFile; fileRef = 1D5B7BC9168669EE00D04E76 /* Location.m */; };
		1D5B7C0C1689142900D04E76 /* MapViewController.m in Sources */ = {isa = PBXBuildFile; fileRef = 1D5B7C0A1689142800D04E76 /* MapViewController.m */; };
		1D5B7C0D1689142900D04E76 /* MapViewController.xib in Resources */ = {isa = PBXBuildFile; fileRef = 1D5B7C0B1689142800D04E76 /* MapViewController.xib */; };
		1D5B7C14168915D500D04E76 /* GeoPointAnnotation.m in Sources */ = {isa = PBXBuildFile; fileRef = 1D5B7C13168915D500D04E76 /* GeoPointAnnotation.m */; };
		1D5B7C161689175D00D04E76 /* MapKit.framework in Frameworks */ = {isa = PBXBuildFile; fileRef = 1D5B7C151689175D00D04E76 /* MapKit.framework */; };
		1D5B7C25168B6B8600D04E76 /* mmObject.m in Sources */ = {isa = PBXBuildFile; fileRef = 1D5B7C24168B6B8500D04E76 /* mmObject.m */; };
		1D5B7C84168FBF2300D04E76 /* TapDetectingImageView.m in Sources */ = {isa = PBXBuildFile; fileRef = 1D5B7C81168FBF2300D04E76 /* TapDetectingImageView.m */; };
		1D5B7C85168FBF2300D04E76 /* ZoomViewController.m in Sources */ = {isa = PBXBuildFile; fileRef = 1D5B7C83168FBF2300D04E76 /* ZoomViewController.m */; };
		1D5B7C881693CE8100D04E76 /* PhotoAlbum.m in Sources */ = {isa = PBXBuildFile; fileRef = 1D5B7C871693CE8100D04E76 /* PhotoAlbum.m */; };
		1D5B7C8A1693D36000D04E76 /* AssetsLibrary.framework in Frameworks */ = {isa = PBXBuildFile; fileRef = 1D5B7C891693D36000D04E76 /* AssetsLibrary.framework */; };
		1D5C29BC1684CBB500289DFD /* MainViewController.m in Sources */ = {isa = PBXBuildFile; fileRef = 1D5C29B51684CBB500289DFD /* MainViewController.m */; };
		1D5C29E2168530FE00289DFD /* libz.1.1.3.dylib in Frameworks */ = {isa = PBXBuildFile; fileRef = 1D5C29E1168530FE00289DFD /* libz.1.1.3.dylib */; };
		1D5C29EF168546F200289DFD /* login-button-small-pressed.png in Resources */ = {isa = PBXBuildFile; fileRef = 1D5C29EB168546F200289DFD /* login-button-small-pressed.png */; };
		1D5C29F0168546F200289DFD /* login-button-small-pressed@2x.png in Resources */ = {isa = PBXBuildFile; fileRef = 1D5C29EC168546F200289DFD /* login-button-small-pressed@2x.png */; };
		1D5C29F1168546F200289DFD /* login-button-small.png in Resources */ = {isa = PBXBuildFile; fileRef = 1D5C29ED168546F200289DFD /* login-button-small.png */; };
		1D5C29F2168546F200289DFD /* login-button-small@2x.png in Resources */ = {isa = PBXBuildFile; fileRef = 1D5C29EE168546F200289DFD /* login-button-small@2x.png */; };
		1D6F509D16EAC831001A2F89 /* settings_button.png in Resources */ = {isa = PBXBuildFile; fileRef = 1D6F509C16EAC831001A2F89 /* settings_button.png */; };
		1D6F50A216EACD3A001A2F89 /* SettingsViewController.m in Sources */ = {isa = PBXBuildFile; fileRef = 1D6F50A016EACD39001A2F89 /* SettingsViewController.m */; };
		1D6F50A316EACD3A001A2F89 /* SettingsViewController.xib in Resources */ = {isa = PBXBuildFile; fileRef = 1D6F50A116EACD3A001A2F89 /* SettingsViewController.xib */; };
		1D8CCC6F167FE72300260DAE /* UIKit.framework in Frameworks */ = {isa = PBXBuildFile; fileRef = 1D8CCC6E167FE72300260DAE /* UIKit.framework */; };
		1D8CCC71167FE72300260DAE /* Foundation.framework in Frameworks */ = {isa = PBXBuildFile; fileRef = 1D8CCC70167FE72300260DAE /* Foundation.framework */; };
		1D8CCC73167FE72300260DAE /* CoreGraphics.framework in Frameworks */ = {isa = PBXBuildFile; fileRef = 1D8CCC72167FE72300260DAE /* CoreGraphics.framework */; };
		1D8CCC79167FE72300260DAE /* InfoPlist.strings in Resources */ = {isa = PBXBuildFile; fileRef = 1D8CCC77167FE72300260DAE /* InfoPlist.strings */; };
		1D8CCC7B167FE72300260DAE /* main.m in Sources */ = {isa = PBXBuildFile; fileRef = 1D8CCC7A167FE72300260DAE /* main.m */; };
		1D8CCC7F167FE72300260DAE /* AppDelegate.m in Sources */ = {isa = PBXBuildFile; fileRef = 1D8CCC7E167FE72300260DAE /* AppDelegate.m */; };
		1D8CCC8A167FE72300260DAE /* first.png in Resources */ = {isa = PBXBuildFile; fileRef = 1D8CCC89167FE72300260DAE /* first.png */; };
		1D8CCC8C167FE72300260DAE /* first@2x.png in Resources */ = {isa = PBXBuildFile; fileRef = 1D8CCC8B167FE72300260DAE /* first@2x.png */; };
		1D8CCC8F167FE72300260DAE /* SearchViewController.m in Sources */ = {isa = PBXBuildFile; fileRef = 1D8CCC8E167FE72300260DAE /* SearchViewController.m */; };
		1D8CCC91167FE72300260DAE /* second.png in Resources */ = {isa = PBXBuildFile; fileRef = 1D8CCC90167FE72300260DAE /* second.png */; };
		1D8CCC93167FE72300260DAE /* second@2x.png in Resources */ = {isa = PBXBuildFile; fileRef = 1D8CCC92167FE72300260DAE /* second@2x.png */; };
		1D8CCC9C167FE72300260DAE /* SearchViewController.xib in Resources */ = {isa = PBXBuildFile; fileRef = 1D8CCC9A167FE72300260DAE /* SearchViewController.xib */; };
		1D8CCCA7167FE72300260DAE /* SenTestingKit.framework in Frameworks */ = {isa = PBXBuildFile; fileRef = 1D8CCCA6167FE72300260DAE /* SenTestingKit.framework */; };
		1D8CCCA8167FE72300260DAE /* UIKit.framework in Frameworks */ = {isa = PBXBuildFile; fileRef = 1D8CCC6E167FE72300260DAE /* UIKit.framework */; };
		1D8CCCA9167FE72300260DAE /* Foundation.framework in Frameworks */ = {isa = PBXBuildFile; fileRef = 1D8CCC70167FE72300260DAE /* Foundation.framework */; };
		1D8CCCB1167FE72300260DAE /* InfoPlist.strings in Resources */ = {isa = PBXBuildFile; fileRef = 1D8CCCAF167FE72300260DAE /* InfoPlist.strings */; };
		1D8CCCB4167FE72300260DAE /* MotorMouthTests.m in Sources */ = {isa = PBXBuildFile; fileRef = 1D8CCCB3167FE72300260DAE /* MotorMouthTests.m */; };
		1D8CCCBE167FE7A600260DAE /* Parse.framework in Frameworks */ = {isa = PBXBuildFile; fileRef = 1D8CCCBD167FE7A600260DAE /* Parse.framework */; settings = {ATTRIBUTES = (Required, ); }; };
		1D8CCCC31680C37A00260DAE /* libFlurry.a in Frameworks */ = {isa = PBXBuildFile; fileRef = 1D8CCCC11680C37A00260DAE /* libFlurry.a */; };
		1D8CCCC41680C37A00260DAE /* ProjectApiKey.txt in Resources */ = {isa = PBXBuildFile; fileRef = 1D8CCCC21680C37A00260DAE /* ProjectApiKey.txt */; };
		1D8CCCCA1680C38800260DAE /* libTestFlight.a in Frameworks */ = {isa = PBXBuildFile; fileRef = 1D8CCCC61680C38800260DAE /* libTestFlight.a */; };
		1D8CCCCB1680C38900260DAE /* README.md in Resources */ = {isa = PBXBuildFile; fileRef = 1D8CCCC71680C38800260DAE /* README.md */; };
		1D8CCCCC1680C38900260DAE /* release_notes.md in Resources */ = {isa = PBXBuildFile; fileRef = 1D8CCCC81680C38800260DAE /* release_notes.md */; };
		1D8CCCD01680C39B00260DAE /* Reachability.m in Sources */ = {isa = PBXBuildFile; fileRef = 1D8CCCCF1680C39B00260DAE /* Reachability.m */; settings = {COMPILER_FLAGS = "-fno-objc-arc"; }; };
		1D8CCCED168130E500260DAE /* SystemConfiguration.framework in Frameworks */ = {isa = PBXBuildFile; fileRef = 1D8CCCEB1681304500260DAE /* SystemConfiguration.framework */; };
		1D8CCCEE168130EF00260DAE /* Security.framework in Frameworks */ = {isa = PBXBuildFile; fileRef = 1D8CCCE91681303B00260DAE /* Security.framework */; };
		1D8CCCEF168130F500260DAE /* QuartzCore.framework in Frameworks */ = {isa = PBXBuildFile; fileRef = 1D8CCCE71681303100260DAE /* QuartzCore.framework */; };
		1D8CCCF0168130FE00260DAE /* MobileCoreServices.framework in Frameworks */ = {isa = PBXBuildFile; fileRef = 1D8CCCE51681302600260DAE /* MobileCoreServices.framework */; };
		1D8CCCF11681310400260DAE /* MessageUI.framework in Frameworks */ = {isa = PBXBuildFile; fileRef = 1D8CCCE31681301600260DAE /* MessageUI.framework */; };
		1D8CCCF21681310D00260DAE /* Social.framework in Frameworks */ = {isa = PBXBuildFile; fileRef = 1D8CCCE11681300800260DAE /* Social.framework */; settings = {ATTRIBUTES = (Weak, ); }; };
		1D8CCCF31681313B00260DAE /* Accounts.framework in Frameworks */ = {isa = PBXBuildFile; fileRef = 1D8CCCDF16812FFB00260DAE /* Accounts.framework */; settings = {ATTRIBUTES = (Weak, ); }; };
		1D8CCCF61681317A00260DAE /* CoreLocation.framework in Frameworks */ = {isa = PBXBuildFile; fileRef = 1D8CCCF41681316700260DAE /* CoreLocation.framework */; };
		1D8CCCF8168131C900260DAE /* libsqlite3.dylib in Frameworks */ = {isa = PBXBuildFile; fileRef = 1D8CCCF7168131C900260DAE /* libsqlite3.dylib */; };
		1D8CCCFF1681327800260DAE /* AdSupport.framework in Frameworks */ = {isa = PBXBuildFile; fileRef = 1D8CCCFD1681323E00260DAE /* AdSupport.framework */; settings = {ATTRIBUTES = (Weak, ); }; };
		1D8CCD001681327E00260DAE /* CFNetwork.framework in Frameworks */ = {isa = PBXBuildFile; fileRef = 1D8CCCFB1681321800260DAE /* CFNetwork.framework */; };
		1D8CCD011681328500260DAE /* AudioToolbox.framework in Frameworks */ = {isa = PBXBuildFile; fileRef = 1D8CCCF9168131EF00260DAE /* AudioToolbox.framework */; };
		1D8FF48316E2EF350073F1FA /* DefaultPhotoCell.m in Sources */ = {isa = PBXBuildFile; fileRef = 1D8FF47F16E2EF340073F1FA /* DefaultPhotoCell.m */; };
		1D8FF48416E2EF350073F1FA /* DefaultPhotoDataObject.m in Sources */ = {isa = PBXBuildFile; fileRef = 1D8FF48116E2EF340073F1FA /* DefaultPhotoDataObject.m */; };
		1D8FF48816E2F4C20073F1FA /* ABTableViewCell.m in Sources */ = {isa = PBXBuildFile; fileRef = 1D8FF48716E2F4C20073F1FA /* ABTableViewCell.m */; };
		1D8FF49116E534410073F1FA /* CPFQueryCollectionViewController.m in Sources */ = {isa = PBXBuildFile; fileRef = 1D8FF48E16E534410073F1FA /* CPFQueryCollectionViewController.m */; };
		1D8FF49616E534D60073F1FA /* HomeViewController.m in Sources */ = {isa = PBXBuildFile; fileRef = 1D8FF49416E534D60073F1FA /* HomeViewController.m */; };
		1D8FF49C16E554960073F1FA /* NibCell.xib in Resources */ = {isa = PBXBuildFile; fileRef = 1D8FF49B16E554960073F1FA /* NibCell.xib */; };
		1D8FF4A916E676EA0073F1FA /* SubclassConfigViewController.m in Sources */ = {isa = PBXBuildFile; fileRef = 1D8FF4A216E676EA0073F1FA /* SubclassConfigViewController.m */; };
		1D8FF4AA16E676EA0073F1FA /* SubclassConfigViewController.xib in Resources */ = {isa = PBXBuildFile; fileRef = 1D8FF4A316E676EA0073F1FA /* SubclassConfigViewController.xib */; };
		1D8FF4AB16E676EA0073F1FA /* MyLogInViewController.m in Sources */ = {isa = PBXBuildFile; fileRef = 1D8FF4A616E676EA0073F1FA /* MyLogInViewController.m */; };
		1D8FF4AC16E676EA0073F1FA /* MySignUpViewController.m in Sources */ = {isa = PBXBuildFile; fileRef = 1D8FF4A816E676EA0073F1FA /* MySignUpViewController.m */; };
		1D8FF4BA16E6790B0073F1FA /* Exit.png in Resources */ = {isa = PBXBuildFile; fileRef = 1D8FF4AE16E6790B0073F1FA /* Exit.png */; };
		1D8FF4BB16E6790B0073F1FA /* ExitDown.png in Resources */ = {isa = PBXBuildFile; fileRef = 1D8FF4AF16E6790B0073F1FA /* ExitDown.png */; };
		1D8FF4BC16E6790B0073F1FA /* Facebook.png in Resources */ = {isa = PBXBuildFile; fileRef = 1D8FF4B016E6790B0073F1FA /* Facebook.png */; };
		1D8FF4BD16E6790B0073F1FA /* FacebookDown.png in Resources */ = {isa = PBXBuildFile; fileRef = 1D8FF4B116E6790B0073F1FA /* FacebookDown.png */; };
		1D8FF4BE16E6790B0073F1FA /* LoginFieldBG.png in Resources */ = {isa = PBXBuildFile; fileRef = 1D8FF4B216E6790B0073F1FA /* LoginFieldBG.png */; };
		1D8FF4BF16E6790B0073F1FA /* Logo.png in Resources */ = {isa = PBXBuildFile; fileRef = 1D8FF4B316E6790B0073F1FA /* Logo.png */; };
		1D8FF4C016E6790B0073F1FA /* MainBG.png in Resources */ = {isa = PBXBuildFile; fileRef = 1D8FF4B416E6790B0073F1FA /* MainBG.png */; };
		1D8FF4C116E6790B0073F1FA /* SignUp.png in Resources */ = {isa = PBXBuildFile; fileRef = 1D8FF4B516E6790B0073F1FA /* SignUp.png */; };
		1D8FF4C216E6790B0073F1FA /* SignUpDown.png in Resources */ = {isa = PBXBuildFile; fileRef = 1D8FF4B616E6790B0073F1FA /* SignUpDown.png */; };
		1D8FF4C316E6790B0073F1FA /* SignUpFieldBG.png in Resources */ = {isa = PBXBuildFile; fileRef = 1D8FF4B716E6790B0073F1FA /* SignUpFieldBG.png */; };
		1D8FF4C416E6790B0073F1FA /* Twitter.png in Resources */ = {isa = PBXBuildFile; fileRef = 1D8FF4B816E6790B0073F1FA /* Twitter.png */; };
		1D8FF4C516E6790B0073F1FA /* TwitterDown.png in Resources */ = {isa = PBXBuildFile; fileRef = 1D8FF4B916E6790B0073F1FA /* TwitterDown.png */; };
		1DA0B54616F6589A00EA7374 /* SaveLocalDataManager.m in Sources */ = {isa = PBXBuildFile; fileRef = 1DA0B54516F6589A00EA7374 /* SaveLocalDataManager.m */; };
		1DA0B54B16F67F8300EA7374 /* PlateContinueViewController.m in Sources */ = {isa = PBXBuildFile; fileRef = 1DA0B54916F67F8300EA7374 /* PlateContinueViewController.m */; };
		1DA0B54C16F67F8300EA7374 /* PlateContinueViewController.xib in Resources */ = {isa = PBXBuildFile; fileRef = 1DA0B54A16F67F8300EA7374 /* PlateContinueViewController.xib */; };
		1DA0B56016F68B1600EA7374 /* photo5.png in Resources */ = {isa = PBXBuildFile; fileRef = 1DA0B55B16F68B1600EA7374 /* photo5.png */; };
		1DA0B56116F68B1600EA7374 /* photo4.png in Resources */ = {isa = PBXBuildFile; fileRef = 1DA0B55C16F68B1600EA7374 /* photo4.png */; };
		1DA0B56216F68B1600EA7374 /* photo3.png in Resources */ = {isa = PBXBuildFile; fileRef = 1DA0B55D16F68B1600EA7374 /* photo3.png */; };
		1DA0B56316F68B1600EA7374 /* photo2.png in Resources */ = {isa = PBXBuildFile; fileRef = 1DA0B55E16F68B1600EA7374 /* photo2.png */; };
		1DA0B56416F68B1600EA7374 /* photo1.png in Resources */ = {isa = PBXBuildFile; fileRef = 1DA0B55F16F68B1600EA7374 /* photo1.png */; };
		1DA0B56A16F6990C00EA7374 /* MessagesViewController.m in Sources */ = {isa = PBXBuildFile; fileRef = 1DA0B56816F6990B00EA7374 /* MessagesViewController.m */; };
		1DA0B56B16F6990C00EA7374 /* MessagesViewController.xib in Resources */ = {isa = PBXBuildFile; fileRef = 1DA0B56916F6990C00EA7374 /* MessagesViewController.xib */; };
		1DA0B56F16F69EA200EA7374 /* message-bg-on.png in Resources */ = {isa = PBXBuildFile; fileRef = 1DA0B56D16F69EA200EA7374 /* message-bg-on.png */; };
		1DA0B57016F69EA200EA7374 /* message-bg-off.png in Resources */ = {isa = PBXBuildFile; fileRef = 1DA0B56E16F69EA200EA7374 /* message-bg-off.png */; };
		1DA0B57816F7586400EA7374 /* message-horiz-line.png in Resources */ = {isa = PBXBuildFile; fileRef = 1DA0B57616F7586400EA7374 /* message-horiz-line.png */; };
		1DA0B57916F7586400EA7374 /* message-vert-line.png in Resources */ = {isa = PBXBuildFile; fileRef = 1DA0B57716F7586400EA7374 /* message-vert-line.png */; };
		1DA844CC16B84F3D000A5822 /* MM-Logo-Gigantic.png in Resources */ = {isa = PBXBuildFile; fileRef = 1DA844C416B84F3D000A5822 /* MM-Logo-Gigantic.png */; };
		1DA844D816B853D3000A5822 /* Default@2x.png in Resources */ = {isa = PBXBuildFile; fileRef = 1DA844D216B84F82000A5822 /* Default@2x.png */; };
		1DA844E216B96AC1000A5822 /* Crashlytics.framework in Frameworks */ = {isa = PBXBuildFile; fileRef = 1DA844E116B96AC1000A5822 /* Crashlytics.framework */; };
		6E9AECA716F6821A00FC019B /* thumbs-down-off.png in Resources */ = {isa = PBXBuildFile; fileRef = 6E9AECA316F6821A00FC019B /* thumbs-down-off.png */; };
		6E9AECA816F6821A00FC019B /* thumbs-down-on.png in Resources */ = {isa = PBXBuildFile; fileRef = 6E9AECA416F6821A00FC019B /* thumbs-down-on.png */; };
		6E9AECA916F6821A00FC019B /* thumbs-up-off.png in Resources */ = {isa = PBXBuildFile; fileRef = 6E9AECA516F6821A00FC019B /* thumbs-up-off.png */; };
		6E9AECAA16F6821A00FC019B /* thumbs-up-on.png in Resources */ = {isa = PBXBuildFile; fileRef = 6E9AECA616F6821A00FC019B /* thumbs-up-on.png */; };
		6E9AECAC16F6882000FC019B /* plate-bg.png in Resources */ = {isa = PBXBuildFile; fileRef = 6E9AECAB16F6881F00FC019B /* plate-bg.png */; };
		6E9AECAE16F68BCF00FC019B /* savecontinue.png in Resources */ = {isa = PBXBuildFile; fileRef = 6E9AECAD16F68BCF00FC019B /* savecontinue.png */; };
		6E9AECB016F691B700FC019B /* savecontinueDown.png in Resources */ = {isa = PBXBuildFile; fileRef = 6E9AECAF16F691B700FC019B /* savecontinueDown.png */; };
		6E9AECB216F6924400FC019B /* toolbar-logo.png in Resources */ = {isa = PBXBuildFile; fileRef = 6E9AECB116F6924400FC019B /* toolbar-logo.png */; };
/* End PBXBuildFile section */

/* Begin PBXContainerItemProxy section */
		1D8CCCAA167FE72300260DAE /* PBXContainerItemProxy */ = {
			isa = PBXContainerItemProxy;
			containerPortal = 1D8CCC61167FE72200260DAE /* Project object */;
			proxyType = 1;
			remoteGlobalIDString = 1D8CCC69167FE72300260DAE;
			remoteInfo = MotorMouth;
		};
/* End PBXContainerItemProxy section */

/* Begin PBXFileReference section */
		1D1990BA16E79CF1007DE409 /* button-shield-homescreen.png */ = {isa = PBXFileReference; lastKnownFileType = image.png; name = "button-shield-homescreen.png"; path = "assets/button-shield-homescreen.png"; sourceTree = "<group>"; };
		1D1990BD16E7B2F4007DE409 /* capture-start_on.png */ = {isa = PBXFileReference; lastKnownFileType = image.png; name = "capture-start_on.png"; path = "assets/capture-start_on.png"; sourceTree = "<group>"; };
		1D1990BE16E7B2F4007DE409 /* capture-start_off.png */ = {isa = PBXFileReference; lastKnownFileType = image.png; name = "capture-start_off.png"; path = "assets/capture-start_off.png"; sourceTree = "<group>"; };
		1D1990C116E7BC68007DE409 /* header.png */ = {isa = PBXFileReference; lastKnownFileType = image.png; name = header.png; path = assets/header.png; sourceTree = "<group>"; };
		1D1990C316E7C589007DE409 /* border.png */ = {isa = PBXFileReference; lastKnownFileType = image.png; name = border.png; path = assets/border.png; sourceTree = "<group>"; };
		1D58DDEB1685499800623FBA /* camera.jpeg */ = {isa = PBXFileReference; lastKnownFileType = image.jpeg; name = camera.jpeg; path = assets/camera.jpeg; sourceTree = "<group>"; };
		1D58DDED16854BFB00623FBA /* Consts.h */ = {isa = PBXFileReference; fileEncoding = 4; lastKnownFileType = sourcecode.c.h; path = Consts.h; sourceTree = "<group>"; };
		1D58DDEE16854BFB00623FBA /* Consts.m */ = {isa = PBXFileReference; fileEncoding = 4; lastKnownFileType = sourcecode.c.objc; path = Consts.m; sourceTree = "<group>"; };
		1D58DDF116854DA400623FBA /* UIImage+AlphaAdditions.h */ = {isa = PBXFileReference; fileEncoding = 4; lastKnownFileType = sourcecode.c.h; name = "UIImage+AlphaAdditions.h"; path = "uiimage/UIImage+AlphaAdditions.h"; sourceTree = SOURCE_ROOT; };
		1D58DDF216854DA400623FBA /* UIImage+AlphaAdditions.m */ = {isa = PBXFileReference; fileEncoding = 4; lastKnownFileType = sourcecode.c.objc; name = "UIImage+AlphaAdditions.m"; path = "uiimage/UIImage+AlphaAdditions.m"; sourceTree = SOURCE_ROOT; };
		1D58DDF316854DA400623FBA /* UIImage+ResizeAdditions.h */ = {isa = PBXFileReference; fileEncoding = 4; lastKnownFileType = sourcecode.c.h; name = "UIImage+ResizeAdditions.h"; path = "uiimage/UIImage+ResizeAdditions.h"; sourceTree = SOURCE_ROOT; };
		1D58DDF416854DA400623FBA /* UIImage+ResizeAdditions.m */ = {isa = PBXFileReference; fileEncoding = 4; lastKnownFileType = sourcecode.c.objc; name = "UIImage+ResizeAdditions.m"; path = "uiimage/UIImage+ResizeAdditions.m"; sourceTree = SOURCE_ROOT; };
		1D58DDF516854DA400623FBA /* UIImage+RoundedCornerAdditions.h */ = {isa = PBXFileReference; fileEncoding = 4; lastKnownFileType = sourcecode.c.h; name = "UIImage+RoundedCornerAdditions.h"; path = "uiimage/UIImage+RoundedCornerAdditions.h"; sourceTree = SOURCE_ROOT; };
		1D58DDF616854DA400623FBA /* UIImage+RoundedCornerAdditions.m */ = {isa = PBXFileReference; fileEncoding = 4; lastKnownFileType = sourcecode.c.objc; name = "UIImage+RoundedCornerAdditions.m"; path = "uiimage/UIImage+RoundedCornerAdditions.m"; sourceTree = SOURCE_ROOT; };
		1D58DDFA16857CD100623FBA /* Camera.h */ = {isa = PBXFileReference; fileEncoding = 4; lastKnownFileType = sourcecode.c.h; path = Camera.h; sourceTree = "<group>"; };
		1D58DDFB16857CD100623FBA /* Camera.m */ = {isa = PBXFileReference; fileEncoding = 4; lastKnownFileType = sourcecode.c.objc; path = Camera.m; sourceTree = "<group>"; };
		1D5B7BAB16858BF300D04E76 /* PlateViewController.h */ = {isa = PBXFileReference; fileEncoding = 4; lastKnownFileType = sourcecode.c.h; path = PlateViewController.h; sourceTree = "<group>"; };
		1D5B7BAC16858BF300D04E76 /* PlateViewController.m */ = {isa = PBXFileReference; fileEncoding = 4; lastKnownFileType = sourcecode.c.objc; path = PlateViewController.m; sourceTree = "<group>"; };
		1D5B7BAD16858BF300D04E76 /* PlateViewController.xib */ = {isa = PBXFileReference; fileEncoding = 4; lastKnownFileType = file.xib; path = PlateViewController.xib; sourceTree = "<group>"; };
		1D5B7BB91685992D00D04E76 /* TPKeyboardAvoidingScrollView.h */ = {isa = PBXFileReference; fileEncoding = 4; lastKnownFileType = sourcecode.c.h; name = TPKeyboardAvoidingScrollView.h; path = Keyboard/TPKeyboardAvoidingScrollView.h; sourceTree = "<group>"; };
		1D5B7BBA1685992D00D04E76 /* TPKeyboardAvoidingScrollView.m */ = {isa = PBXFileReference; fileEncoding = 4; lastKnownFileType = sourcecode.c.objc; name = TPKeyboardAvoidingScrollView.m; path = Keyboard/TPKeyboardAvoidingScrollView.m; sourceTree = "<group>"; };
		1D5B7BBC168661DA00D04E76 /* ANGRY FACE-1.gif */ = {isa = PBXFileReference; lastKnownFileType = image.gif; name = "ANGRY FACE-1.gif"; path = "assets/ANGRY FACE-1.gif"; sourceTree = "<group>"; };
		1D5B7BBD168661DA00D04E76 /* happy-face.jpg */ = {isa = PBXFileReference; lastKnownFileType = image.jpeg; name = "happy-face.jpg"; path = "assets/happy-face.jpg"; sourceTree = "<group>"; };
		1D5B7BC8168669EE00D04E76 /* Location.h */ = {isa = PBXFileReference; fileEncoding = 4; lastKnownFileType = sourcecode.c.h; path = Location.h; sourceTree = "<group>"; };
		1D5B7BC9168669EE00D04E76 /* Location.m */ = {isa = PBXFileReference; fileEncoding = 4; lastKnownFileType = sourcecode.c.objc; path = Location.m; sourceTree = "<group>"; };
		1D5B7BCF168905CC00D04E76 /* MainViewController.h */ = {isa = PBXFileReference; fileEncoding = 4; lastKnownFileType = sourcecode.c.h; name = MainViewController.h; path = loginRegister/MainViewController.h; sourceTree = "<group>"; };
		1D5B7C091689142800D04E76 /* MapViewController.h */ = {isa = PBXFileReference; fileEncoding = 4; lastKnownFileType = sourcecode.c.h; path = MapViewController.h; sourceTree = "<group>"; };
		1D5B7C0A1689142800D04E76 /* MapViewController.m */ = {isa = PBXFileReference; fileEncoding = 4; lastKnownFileType = sourcecode.c.objc; path = MapViewController.m; sourceTree = "<group>"; };
		1D5B7C0B1689142800D04E76 /* MapViewController.xib */ = {isa = PBXFileReference; fileEncoding = 4; lastKnownFileType = file.xib; path = MapViewController.xib; sourceTree = "<group>"; };
		1D5B7C12168915D500D04E76 /* GeoPointAnnotation.h */ = {isa = PBXFileReference; fileEncoding = 4; lastKnownFileType = sourcecode.c.h; path = GeoPointAnnotation.h; sourceTree = "<group>"; };
		1D5B7C13168915D500D04E76 /* GeoPointAnnotation.m */ = {isa = PBXFileReference; fileEncoding = 4; lastKnownFileType = sourcecode.c.objc; path = GeoPointAnnotation.m; sourceTree = "<group>"; };
		1D5B7C151689175D00D04E76 /* MapKit.framework */ = {isa = PBXFileReference; lastKnownFileType = wrapper.framework; name = MapKit.framework; path = System/Library/Frameworks/MapKit.framework; sourceTree = SDKROOT; };
		1D5B7C23168B6B8500D04E76 /* mmObject.h */ = {isa = PBXFileReference; fileEncoding = 4; lastKnownFileType = sourcecode.c.h; path = mmObject.h; sourceTree = "<group>"; };
		1D5B7C24168B6B8500D04E76 /* mmObject.m */ = {isa = PBXFileReference; fileEncoding = 4; lastKnownFileType = sourcecode.c.objc; path = mmObject.m; sourceTree = "<group>"; };
		1D5B7C80168FBF2300D04E76 /* TapDetectingImageView.h */ = {isa = PBXFileReference; fileEncoding = 4; lastKnownFileType = sourcecode.c.h; name = TapDetectingImageView.h; path = zoomimageview/TapDetectingImageView.h; sourceTree = "<group>"; };
		1D5B7C81168FBF2300D04E76 /* TapDetectingImageView.m */ = {isa = PBXFileReference; fileEncoding = 4; lastKnownFileType = sourcecode.c.objc; name = TapDetectingImageView.m; path = zoomimageview/TapDetectingImageView.m; sourceTree = "<group>"; };
		1D5B7C82168FBF2300D04E76 /* ZoomViewController.h */ = {isa = PBXFileReference; fileEncoding = 4; lastKnownFileType = sourcecode.c.h; name = ZoomViewController.h; path = zoomimageview/ZoomViewController.h; sourceTree = "<group>"; };
		1D5B7C83168FBF2300D04E76 /* ZoomViewController.m */ = {isa = PBXFileReference; fileEncoding = 4; lastKnownFileType = sourcecode.c.objc; name = ZoomViewController.m; path = zoomimageview/ZoomViewController.m; sourceTree = "<group>"; };
		1D5B7C861693CE8000D04E76 /* PhotoAlbum.h */ = {isa = PBXFileReference; fileEncoding = 4; lastKnownFileType = sourcecode.c.h; path = PhotoAlbum.h; sourceTree = "<group>"; };
		1D5B7C871693CE8100D04E76 /* PhotoAlbum.m */ = {isa = PBXFileReference; fileEncoding = 4; lastKnownFileType = sourcecode.c.objc; path = PhotoAlbum.m; sourceTree = "<group>"; };
		1D5B7C891693D36000D04E76 /* AssetsLibrary.framework */ = {isa = PBXFileReference; lastKnownFileType = wrapper.framework; name = AssetsLibrary.framework; path = System/Library/Frameworks/AssetsLibrary.framework; sourceTree = SDKROOT; };
		1D5C29B51684CBB500289DFD /* MainViewController.m */ = {isa = PBXFileReference; fileEncoding = 4; lastKnownFileType = sourcecode.c.objc; name = MainViewController.m; path = loginRegister/MainViewController.m; sourceTree = "<group>"; };
		1D5C29E1168530FE00289DFD /* libz.1.1.3.dylib */ = {isa = PBXFileReference; lastKnownFileType = "compiled.mach-o.dylib"; name = libz.1.1.3.dylib; path = usr/lib/libz.1.1.3.dylib; sourceTree = SDKROOT; };
		1D5C29EB168546F200289DFD /* login-button-small-pressed.png */ = {isa = PBXFileReference; lastKnownFileType = image.png; name = "login-button-small-pressed.png"; path = "assets/login-button-small-pressed.png"; sourceTree = "<group>"; };
		1D5C29EC168546F200289DFD /* login-button-small-pressed@2x.png */ = {isa = PBXFileReference; lastKnownFileType = image.png; name = "login-button-small-pressed@2x.png"; path = "assets/login-button-small-pressed@2x.png"; sourceTree = "<group>"; };
		1D5C29ED168546F200289DFD /* login-button-small.png */ = {isa = PBXFileReference; lastKnownFileType = image.png; name = "login-button-small.png"; path = "assets/login-button-small.png"; sourceTree = "<group>"; };
		1D5C29EE168546F200289DFD /* login-button-small@2x.png */ = {isa = PBXFileReference; lastKnownFileType = image.png; name = "login-button-small@2x.png"; path = "assets/login-button-small@2x.png"; sourceTree = "<group>"; };
		1D6F509C16EAC831001A2F89 /* settings_button.png */ = {isa = PBXFileReference; lastKnownFileType = image.png; name = settings_button.png; path = assets/settings_button.png; sourceTree = "<group>"; };
		1D6F509F16EACD39001A2F89 /* SettingsViewController.h */ = {isa = PBXFileReference; fileEncoding = 4; lastKnownFileType = sourcecode.c.h; path = SettingsViewController.h; sourceTree = "<group>"; };
		1D6F50A016EACD39001A2F89 /* SettingsViewController.m */ = {isa = PBXFileReference; fileEncoding = 4; lastKnownFileType = sourcecode.c.objc; path = SettingsViewController.m; sourceTree = "<group>"; };
		1D6F50A116EACD3A001A2F89 /* SettingsViewController.xib */ = {isa = PBXFileReference; fileEncoding = 4; lastKnownFileType = file.xib; path = SettingsViewController.xib; sourceTree = "<group>"; };
		1D8CCC6A167FE72300260DAE /* MotorMouth.app */ = {isa = PBXFileReference; explicitFileType = wrapper.application; includeInIndex = 0; path = MotorMouth.app; sourceTree = BUILT_PRODUCTS_DIR; };
		1D8CCC6E167FE72300260DAE /* UIKit.framework */ = {isa = PBXFileReference; lastKnownFileType = wrapper.framework; name = UIKit.framework; path = System/Library/Frameworks/UIKit.framework; sourceTree = SDKROOT; };
		1D8CCC70167FE72300260DAE /* Foundation.framework */ = {isa = PBXFileReference; lastKnownFileType = wrapper.framework; name = Foundation.framework; path = System/Library/Frameworks/Foundation.framework; sourceTree = SDKROOT; };
		1D8CCC72167FE72300260DAE /* CoreGraphics.framework */ = {isa = PBXFileReference; lastKnownFileType = wrapper.framework; name = CoreGraphics.framework; path = System/Library/Frameworks/CoreGraphics.framework; sourceTree = SDKROOT; };
		1D8CCC76167FE72300260DAE /* MotorMouth-Info.plist */ = {isa = PBXFileReference; lastKnownFileType = text.plist.xml; path = "MotorMouth-Info.plist"; sourceTree = "<group>"; };
		1D8CCC78167FE72300260DAE /* en */ = {isa = PBXFileReference; lastKnownFileType = text.plist.strings; name = en; path = en.lproj/InfoPlist.strings; sourceTree = "<group>"; };
		1D8CCC7A167FE72300260DAE /* main.m */ = {isa = PBXFileReference; lastKnownFileType = sourcecode.c.objc; path = main.m; sourceTree = "<group>"; };
		1D8CCC7C167FE72300260DAE /* MotorMouth-Prefix.pch */ = {isa = PBXFileReference; lastKnownFileType = sourcecode.c.h; path = "MotorMouth-Prefix.pch"; sourceTree = "<group>"; };
		1D8CCC7D167FE72300260DAE /* AppDelegate.h */ = {isa = PBXFileReference; lastKnownFileType = sourcecode.c.h; path = AppDelegate.h; sourceTree = "<group>"; };
		1D8CCC7E167FE72300260DAE /* AppDelegate.m */ = {isa = PBXFileReference; lastKnownFileType = sourcecode.c.objc; path = AppDelegate.m; sourceTree = "<group>"; };
		1D8CCC80167FE72300260DAE /* Default.png */ = {isa = PBXFileReference; lastKnownFileType = image.png; path = Default.png; sourceTree = "<group>"; };
		1D8CCC82167FE72300260DAE /* Default@2x.png */ = {isa = PBXFileReference; lastKnownFileType = image.png; path = "Default@2x.png"; sourceTree = "<group>"; };
		1D8CCC84167FE72300260DAE /* Default-568h@2x.png */ = {isa = PBXFileReference; lastKnownFileType = image.png; path = "Default-568h@2x.png"; sourceTree = "<group>"; };
		1D8CCC89167FE72300260DAE /* first.png */ = {isa = PBXFileReference; lastKnownFileType = image.png; path = first.png; sourceTree = "<group>"; };
		1D8CCC8B167FE72300260DAE /* first@2x.png */ = {isa = PBXFileReference; lastKnownFileType = image.png; path = "first@2x.png"; sourceTree = "<group>"; };
		1D8CCC8D167FE72300260DAE /* SearchViewController.h */ = {isa = PBXFileReference; lastKnownFileType = sourcecode.c.h; path = SearchViewController.h; sourceTree = "<group>"; };
		1D8CCC8E167FE72300260DAE /* SearchViewController.m */ = {isa = PBXFileReference; lastKnownFileType = sourcecode.c.objc; path = SearchViewController.m; sourceTree = "<group>"; };
		1D8CCC90167FE72300260DAE /* second.png */ = {isa = PBXFileReference; lastKnownFileType = image.png; path = second.png; sourceTree = "<group>"; };
		1D8CCC92167FE72300260DAE /* second@2x.png */ = {isa = PBXFileReference; lastKnownFileType = image.png; path = "second@2x.png"; sourceTree = "<group>"; };
		1D8CCC9B167FE72300260DAE /* en */ = {isa = PBXFileReference; lastKnownFileType = file.xib; name = en; path = en.lproj/SearchViewController.xib; sourceTree = "<group>"; };
		1D8CCCA5167FE72300260DAE /* MotorMouthTests.octest */ = {isa = PBXFileReference; explicitFileType = wrapper.cfbundle; includeInIndex = 0; path = MotorMouthTests.octest; sourceTree = BUILT_PRODUCTS_DIR; };
		1D8CCCA6167FE72300260DAE /* SenTestingKit.framework */ = {isa = PBXFileReference; lastKnownFileType = wrapper.framework; name = SenTestingKit.framework; path = Library/Frameworks/SenTestingKit.framework; sourceTree = DEVELOPER_DIR; };
		1D8CCCAE167FE72300260DAE /* MotorMouthTests-Info.plist */ = {isa = PBXFileReference; lastKnownFileType = text.plist.xml; path = "MotorMouthTests-Info.plist"; sourceTree = "<group>"; };
		1D8CCCB0167FE72300260DAE /* en */ = {isa = PBXFileReference; lastKnownFileType = text.plist.strings; name = en; path = en.lproj/InfoPlist.strings; sourceTree = "<group>"; };
		1D8CCCB2167FE72300260DAE /* MotorMouthTests.h */ = {isa = PBXFileReference; lastKnownFileType = sourcecode.c.h; path = MotorMouthTests.h; sourceTree = "<group>"; };
		1D8CCCB3167FE72300260DAE /* MotorMouthTests.m */ = {isa = PBXFileReference; lastKnownFileType = sourcecode.c.objc; path = MotorMouthTests.m; sourceTree = "<group>"; };
		1D8CCCBD167FE7A600260DAE /* Parse.framework */ = {isa = PBXFileReference; lastKnownFileType = wrapper.framework; path = Parse.framework; sourceTree = "<group>"; };
		1D8CCCC01680C37A00260DAE /* Flurry.h */ = {isa = PBXFileReference; fileEncoding = 4; lastKnownFileType = sourcecode.c.h; path = Flurry.h; sourceTree = "<group>"; };
		1D8CCCC11680C37A00260DAE /* libFlurry.a */ = {isa = PBXFileReference; lastKnownFileType = archive.ar; path = libFlurry.a; sourceTree = "<group>"; };
		1D8CCCC21680C37A00260DAE /* ProjectApiKey.txt */ = {isa = PBXFileReference; fileEncoding = 4; lastKnownFileType = text; path = ProjectApiKey.txt; sourceTree = "<group>"; };
		1D8CCCC61680C38800260DAE /* libTestFlight.a */ = {isa = PBXFileReference; lastKnownFileType = archive.ar; path = libTestFlight.a; sourceTree = "<group>"; };
		1D8CCCC71680C38800260DAE /* README.md */ = {isa = PBXFileReference; fileEncoding = 4; lastKnownFileType = text; path = README.md; sourceTree = "<group>"; };
		1D8CCCC81680C38800260DAE /* release_notes.md */ = {isa = PBXFileReference; fileEncoding = 4; lastKnownFileType = text; path = release_notes.md; sourceTree = "<group>"; };
		1D8CCCC91680C38800260DAE /* TestFlight.h */ = {isa = PBXFileReference; fileEncoding = 4; lastKnownFileType = sourcecode.c.h; path = TestFlight.h; sourceTree = "<group>"; };
		1D8CCCCE1680C39B00260DAE /* Reachability.h */ = {isa = PBXFileReference; fileEncoding = 4; lastKnownFileType = sourcecode.c.h; path = Reachability.h; sourceTree = "<group>"; };
		1D8CCCCF1680C39B00260DAE /* Reachability.m */ = {isa = PBXFileReference; fileEncoding = 4; lastKnownFileType = sourcecode.c.objc; path = Reachability.m; sourceTree = "<group>"; };
		1D8CCCDD16812FC200260DAE /* libz.dylib */ = {isa = PBXFileReference; lastKnownFileType = "compiled.mach-o.dylib"; name = libz.dylib; path = usr/lib/libz.dylib; sourceTree = SDKROOT; };
		1D8CCCDF16812FFB00260DAE /* Accounts.framework */ = {isa = PBXFileReference; lastKnownFileType = wrapper.framework; name = Accounts.framework; path = System/Library/Frameworks/Accounts.framework; sourceTree = SDKROOT; };
		1D8CCCE11681300800260DAE /* Social.framework */ = {isa = PBXFileReference; lastKnownFileType = wrapper.framework; name = Social.framework; path = System/Library/Frameworks/Social.framework; sourceTree = SDKROOT; };
		1D8CCCE31681301600260DAE /* MessageUI.framework */ = {isa = PBXFileReference; lastKnownFileType = wrapper.framework; name = MessageUI.framework; path = System/Library/Frameworks/MessageUI.framework; sourceTree = SDKROOT; };
		1D8CCCE51681302600260DAE /* MobileCoreServices.framework */ = {isa = PBXFileReference; lastKnownFileType = wrapper.framework; name = MobileCoreServices.framework; path = System/Library/Frameworks/MobileCoreServices.framework; sourceTree = SDKROOT; };
		1D8CCCE71681303100260DAE /* QuartzCore.framework */ = {isa = PBXFileReference; lastKnownFileType = wrapper.framework; name = QuartzCore.framework; path = System/Library/Frameworks/QuartzCore.framework; sourceTree = SDKROOT; };
		1D8CCCE91681303B00260DAE /* Security.framework */ = {isa = PBXFileReference; lastKnownFileType = wrapper.framework; name = Security.framework; path = System/Library/Frameworks/Security.framework; sourceTree = SDKROOT; };
		1D8CCCEB1681304500260DAE /* SystemConfiguration.framework */ = {isa = PBXFileReference; lastKnownFileType = wrapper.framework; name = SystemConfiguration.framework; path = System/Library/Frameworks/SystemConfiguration.framework; sourceTree = SDKROOT; };
		1D8CCCF41681316700260DAE /* CoreLocation.framework */ = {isa = PBXFileReference; lastKnownFileType = wrapper.framework; name = CoreLocation.framework; path = System/Library/Frameworks/CoreLocation.framework; sourceTree = SDKROOT; };
		1D8CCCF7168131C900260DAE /* libsqlite3.dylib */ = {isa = PBXFileReference; lastKnownFileType = "compiled.mach-o.dylib"; name = libsqlite3.dylib; path = usr/lib/libsqlite3.dylib; sourceTree = SDKROOT; };
		1D8CCCF9168131EF00260DAE /* AudioToolbox.framework */ = {isa = PBXFileReference; lastKnownFileType = wrapper.framework; name = AudioToolbox.framework; path = System/Library/Frameworks/AudioToolbox.framework; sourceTree = SDKROOT; };
		1D8CCCFB1681321800260DAE /* CFNetwork.framework */ = {isa = PBXFileReference; lastKnownFileType = wrapper.framework; name = CFNetwork.framework; path = System/Library/Frameworks/CFNetwork.framework; sourceTree = SDKROOT; };
		1D8CCCFD1681323E00260DAE /* AdSupport.framework */ = {isa = PBXFileReference; lastKnownFileType = wrapper.framework; name = AdSupport.framework; path = System/Library/Frameworks/AdSupport.framework; sourceTree = SDKROOT; };
		1D8FF47F16E2EF340073F1FA /* DefaultPhotoCell.m */ = {isa = PBXFileReference; fileEncoding = 4; lastKnownFileType = sourcecode.c.objc; path = DefaultPhotoCell.m; sourceTree = "<group>"; };
		1D8FF48016E2EF340073F1FA /* DefaultPhotoCell.h */ = {isa = PBXFileReference; fileEncoding = 4; lastKnownFileType = sourcecode.c.h; path = DefaultPhotoCell.h; sourceTree = "<group>"; };
		1D8FF48116E2EF340073F1FA /* DefaultPhotoDataObject.m */ = {isa = PBXFileReference; fileEncoding = 4; lastKnownFileType = sourcecode.c.objc; path = DefaultPhotoDataObject.m; sourceTree = "<group>"; };
		1D8FF48216E2EF350073F1FA /* DefaultPhotoDataObject.h */ = {isa = PBXFileReference; fileEncoding = 4; lastKnownFileType = sourcecode.c.h; path = DefaultPhotoDataObject.h; sourceTree = "<group>"; };
		1D8FF48616E2F4C20073F1FA /* ABTableViewCell.h */ = {isa = PBXFileReference; fileEncoding = 4; lastKnownFileType = sourcecode.c.h; path = ABTableViewCell.h; sourceTree = "<group>"; };
		1D8FF48716E2F4C20073F1FA /* ABTableViewCell.m */ = {isa = PBXFileReference; fileEncoding = 4; lastKnownFileType = sourcecode.c.objc; path = ABTableViewCell.m; sourceTree = "<group>"; };
		1D8FF48D16E534410073F1FA /* CPFQueryCollectionViewController.h */ = {isa = PBXFileReference; fileEncoding = 4; lastKnownFileType = sourcecode.c.h; path = CPFQueryCollectionViewController.h; sourceTree = "<group>"; };
		1D8FF48E16E534410073F1FA /* CPFQueryCollectionViewController.m */ = {isa = PBXFileReference; fileEncoding = 4; lastKnownFileType = sourcecode.c.objc; path = CPFQueryCollectionViewController.m; sourceTree = "<group>"; };
		1D8FF49316E534D60073F1FA /* HomeViewController.h */ = {isa = PBXFileReference; fileEncoding = 4; lastKnownFileType = sourcecode.c.h; path = HomeViewController.h; sourceTree = "<group>"; };
		1D8FF49416E534D60073F1FA /* HomeViewController.m */ = {isa = PBXFileReference; fileEncoding = 4; lastKnownFileType = sourcecode.c.objc; path = HomeViewController.m; sourceTree = "<group>"; };
		1D8FF49B16E554960073F1FA /* NibCell.xib */ = {isa = PBXFileReference; fileEncoding = 4; lastKnownFileType = file.xib; name = NibCell.xib; path = ../NibCell.xib; sourceTree = "<group>"; };
		1D8FF4A216E676EA0073F1FA /* SubclassConfigViewController.m */ = {isa = PBXFileReference; fileEncoding = 4; lastKnownFileType = sourcecode.c.objc; name = SubclassConfigViewController.m; path = login/SubclassConfigViewController.m; sourceTree = "<group>"; };
		1D8FF4A316E676EA0073F1FA /* SubclassConfigViewController.xib */ = {isa = PBXFileReference; fileEncoding = 4; lastKnownFileType = file.xib; name = SubclassConfigViewController.xib; path = login/SubclassConfigViewController.xib; sourceTree = "<group>"; };
		1D8FF4A416E676EA0073F1FA /* SubclassConfigViewController.h */ = {isa = PBXFileReference; fileEncoding = 4; lastKnownFileType = sourcecode.c.h; name = SubclassConfigViewController.h; path = login/SubclassConfigViewController.h; sourceTree = "<group>"; };
		1D8FF4A516E676EA0073F1FA /* MyLogInViewController.h */ = {isa = PBXFileReference; fileEncoding = 4; lastKnownFileType = sourcecode.c.h; name = MyLogInViewController.h; path = login/MyLogInViewController.h; sourceTree = "<group>"; };
		1D8FF4A616E676EA0073F1FA /* MyLogInViewController.m */ = {isa = PBXFileReference; fileEncoding = 4; lastKnownFileType = sourcecode.c.objc; name = MyLogInViewController.m; path = login/MyLogInViewController.m; sourceTree = "<group>"; };
		1D8FF4A716E676EA0073F1FA /* MySignUpViewController.h */ = {isa = PBXFileReference; fileEncoding = 4; lastKnownFileType = sourcecode.c.h; name = MySignUpViewController.h; path = login/MySignUpViewController.h; sourceTree = "<group>"; };
		1D8FF4A816E676EA0073F1FA /* MySignUpViewController.m */ = {isa = PBXFileReference; fileEncoding = 4; lastKnownFileType = sourcecode.c.objc; name = MySignUpViewController.m; path = login/MySignUpViewController.m; sourceTree = "<group>"; };
		1D8FF4AE16E6790B0073F1FA /* Exit.png */ = {isa = PBXFileReference; lastKnownFileType = image.png; name = Exit.png; path = login/assets/Exit.png; sourceTree = "<group>"; };
		1D8FF4AF16E6790B0073F1FA /* ExitDown.png */ = {isa = PBXFileReference; lastKnownFileType = image.png; name = ExitDown.png; path = login/assets/ExitDown.png; sourceTree = "<group>"; };
		1D8FF4B016E6790B0073F1FA /* Facebook.png */ = {isa = PBXFileReference; lastKnownFileType = image.png; name = Facebook.png; path = login/assets/Facebook.png; sourceTree = "<group>"; };
		1D8FF4B116E6790B0073F1FA /* FacebookDown.png */ = {isa = PBXFileReference; lastKnownFileType = image.png; name = FacebookDown.png; path = login/assets/FacebookDown.png; sourceTree = "<group>"; };
		1D8FF4B216E6790B0073F1FA /* LoginFieldBG.png */ = {isa = PBXFileReference; lastKnownFileType = image.png; name = LoginFieldBG.png; path = login/assets/LoginFieldBG.png; sourceTree = "<group>"; };
		1D8FF4B316E6790B0073F1FA /* Logo.png */ = {isa = PBXFileReference; lastKnownFileType = image.png; name = Logo.png; path = login/assets/Logo.png; sourceTree = "<group>"; };
		1D8FF4B416E6790B0073F1FA /* MainBG.png */ = {isa = PBXFileReference; lastKnownFileType = image.png; name = MainBG.png; path = login/assets/MainBG.png; sourceTree = "<group>"; };
		1D8FF4B516E6790B0073F1FA /* SignUp.png */ = {isa = PBXFileReference; lastKnownFileType = image.png; name = SignUp.png; path = login/assets/SignUp.png; sourceTree = "<group>"; };
		1D8FF4B616E6790B0073F1FA /* SignUpDown.png */ = {isa = PBXFileReference; lastKnownFileType = image.png; name = SignUpDown.png; path = login/assets/SignUpDown.png; sourceTree = "<group>"; };
		1D8FF4B716E6790B0073F1FA /* SignUpFieldBG.png */ = {isa = PBXFileReference; lastKnownFileType = image.png; name = SignUpFieldBG.png; path = login/assets/SignUpFieldBG.png; sourceTree = "<group>"; };
		1D8FF4B816E6790B0073F1FA /* Twitter.png */ = {isa = PBXFileReference; lastKnownFileType = image.png; name = Twitter.png; path = login/assets/Twitter.png; sourceTree = "<group>"; };
		1D8FF4B916E6790B0073F1FA /* TwitterDown.png */ = {isa = PBXFileReference; lastKnownFileType = image.png; name = TwitterDown.png; path = login/assets/TwitterDown.png; sourceTree = "<group>"; };
		1DA0B54416F6589A00EA7374 /* SaveLocalDataManager.h */ = {isa = PBXFileReference; fileEncoding = 4; lastKnownFileType = sourcecode.c.h; path = SaveLocalDataManager.h; sourceTree = "<group>"; };
		1DA0B54516F6589A00EA7374 /* SaveLocalDataManager.m */ = {isa = PBXFileReference; fileEncoding = 4; lastKnownFileType = sourcecode.c.objc; path = SaveLocalDataManager.m; sourceTree = "<group>"; };
		1DA0B54816F67F8300EA7374 /* PlateContinueViewController.h */ = {isa = PBXFileReference; fileEncoding = 4; lastKnownFileType = sourcecode.c.h; path = PlateContinueViewController.h; sourceTree = "<group>"; };
		1DA0B54916F67F8300EA7374 /* PlateContinueViewController.m */ = {isa = PBXFileReference; fileEncoding = 4; lastKnownFileType = sourcecode.c.objc; path = PlateContinueViewController.m; sourceTree = "<group>"; };
		1DA0B54A16F67F8300EA7374 /* PlateContinueViewController.xib */ = {isa = PBXFileReference; fileEncoding = 4; lastKnownFileType = file.xib; path = PlateContinueViewController.xib; sourceTree = "<group>"; };
		1DA0B55B16F68B1600EA7374 /* photo5.png */ = {isa = PBXFileReference; lastKnownFileType = image.png; name = photo5.png; path = temp/photo5.png; sourceTree = "<group>"; };
		1DA0B55C16F68B1600EA7374 /* photo4.png */ = {isa = PBXFileReference; lastKnownFileType = image.png; name = photo4.png; path = temp/photo4.png; sourceTree = "<group>"; };
		1DA0B55D16F68B1600EA7374 /* photo3.png */ = {isa = PBXFileReference; lastKnownFileType = image.png; name = photo3.png; path = temp/photo3.png; sourceTree = "<group>"; };
		1DA0B55E16F68B1600EA7374 /* photo2.png */ = {isa = PBXFileReference; lastKnownFileType = image.png; name = photo2.png; path = temp/photo2.png; sourceTree = "<group>"; };
		1DA0B55F16F68B1600EA7374 /* photo1.png */ = {isa = PBXFileReference; lastKnownFileType = image.png; name = photo1.png; path = temp/photo1.png; sourceTree = "<group>"; };
		1DA0B56716F6990B00EA7374 /* MessagesViewController.h */ = {isa = PBXFileReference; fileEncoding = 4; lastKnownFileType = sourcecode.c.h; path = MessagesViewController.h; sourceTree = "<group>"; };
		1DA0B56816F6990B00EA7374 /* MessagesViewController.m */ = {isa = PBXFileReference; fileEncoding = 4; lastKnownFileType = sourcecode.c.objc; path = MessagesViewController.m; sourceTree = "<group>"; };
		1DA0B56916F6990C00EA7374 /* MessagesViewController.xib */ = {isa = PBXFileReference; fileEncoding = 4; lastKnownFileType = file.xib; path = MessagesViewController.xib; sourceTree = "<group>"; };
		1DA0B56D16F69EA200EA7374 /* message-bg-on.png */ = {isa = PBXFileReference; lastKnownFileType = image.png; path = "message-bg-on.png"; sourceTree = "<group>"; };
		1DA0B56E16F69EA200EA7374 /* message-bg-off.png */ = {isa = PBXFileReference; lastKnownFileType = image.png; path = "message-bg-off.png"; sourceTree = "<group>"; };
		1DA0B57616F7586400EA7374 /* message-horiz-line.png */ = {isa = PBXFileReference; lastKnownFileType = image.png; path = "message-horiz-line.png"; sourceTree = "<group>"; };
		1DA0B57716F7586400EA7374 /* message-vert-line.png */ = {isa = PBXFileReference; lastKnownFileType = image.png; path = "message-vert-line.png"; sourceTree = "<group>"; };
		1DA844BD16B84F3D000A5822 /* 57x57.png */ = {isa = PBXFileReference; lastKnownFileType = image.png; name = 57x57.png; path = Assets/57x57.png; sourceTree = SOURCE_ROOT; };
		1DA844BE16B84F3D000A5822 /* 72x72.png */ = {isa = PBXFileReference; lastKnownFileType = image.png; name = 72x72.png; path = Assets/72x72.png; sourceTree = SOURCE_ROOT; };
		1DA844BF16B84F3D000A5822 /* 114x114.png */ = {isa = PBXFileReference; lastKnownFileType = image.png; name = 114x114.png; path = Assets/114x114.png; sourceTree = SOURCE_ROOT; };
		1DA844C016B84F3D000A5822 /* 512x512.png */ = {isa = PBXFileReference; lastKnownFileType = image.png; name = 512x512.png; path = Assets/512x512.png; sourceTree = SOURCE_ROOT; };
		1DA844C116B84F3D000A5822 /* Default-568h@2x.png */ = {isa = PBXFileReference; lastKnownFileType = image.png; name = "Default-568h@2x.png"; path = "Assets/Default-568h@2x.png"; sourceTree = SOURCE_ROOT; };
		1DA844C216B84F3D000A5822 /* Default.png */ = {isa = PBXFileReference; lastKnownFileType = image.png; name = Default.png; path = Assets/Default.png; sourceTree = SOURCE_ROOT; };
		1DA844C316B84F3D000A5822 /* Default@2x.png */ = {isa = PBXFileReference; lastKnownFileType = image.png; name = "Default@2x.png"; path = "Assets/Default@2x.png"; sourceTree = SOURCE_ROOT; };
		1DA844C416B84F3D000A5822 /* MM-Logo-Gigantic.png */ = {isa = PBXFileReference; lastKnownFileType = image.png; name = "MM-Logo-Gigantic.png"; path = "Assets/MM-Logo-Gigantic.png"; sourceTree = SOURCE_ROOT; };
		1DA844D216B84F82000A5822 /* Default@2x.png */ = {isa = PBXFileReference; lastKnownFileType = image.png; name = "Default@2x.png"; path = "../Default@2x.png"; sourceTree = "<group>"; };
		1DA844E116B96AC1000A5822 /* Crashlytics.framework */ = {isa = PBXFileReference; lastKnownFileType = wrapper.framework; path = Crashlytics.framework; sourceTree = "<group>"; };
		6E9AECA316F6821A00FC019B /* thumbs-down-off.png */ = {isa = PBXFileReference; lastKnownFileType = image.png; path = "thumbs-down-off.png"; sourceTree = "<group>"; };
		6E9AECA416F6821A00FC019B /* thumbs-down-on.png */ = {isa = PBXFileReference; lastKnownFileType = image.png; path = "thumbs-down-on.png"; sourceTree = "<group>"; };
		6E9AECA516F6821A00FC019B /* thumbs-up-off.png */ = {isa = PBXFileReference; lastKnownFileType = image.png; path = "thumbs-up-off.png"; sourceTree = "<group>"; };
		6E9AECA616F6821A00FC019B /* thumbs-up-on.png */ = {isa = PBXFileReference; lastKnownFileType = image.png; path = "thumbs-up-on.png"; sourceTree = "<group>"; };
		6E9AECAB16F6881F00FC019B /* plate-bg.png */ = {isa = PBXFileReference; lastKnownFileType = image.png; path = "plate-bg.png"; sourceTree = "<group>"; };
		6E9AECAD16F68BCF00FC019B /* savecontinue.png */ = {isa = PBXFileReference; lastKnownFileType = image.png; path = savecontinue.png; sourceTree = "<group>"; };
		6E9AECAF16F691B700FC019B /* savecontinueDown.png */ = {isa = PBXFileReference; lastKnownFileType = image.png; path = savecontinueDown.png; sourceTree = "<group>"; };
		6E9AECB116F6924400FC019B /* toolbar-logo.png */ = {isa = PBXFileReference; lastKnownFileType = image.png; path = "toolbar-logo.png"; sourceTree = "<group>"; };
/* End PBXFileReference section */

/* Begin PBXFrameworksBuildPhase section */
		1D8CCC67167FE72300260DAE /* Frameworks */ = {
			isa = PBXFrameworksBuildPhase;
			buildActionMask = 2147483647;
			files = (
				1D5B7C8A1693D36000D04E76 /* AssetsLibrary.framework in Frameworks */,
				1D5B7C161689175D00D04E76 /* MapKit.framework in Frameworks */,
				1D8CCCBE167FE7A600260DAE /* Parse.framework in Frameworks */,
				1D5C29E2168530FE00289DFD /* libz.1.1.3.dylib in Frameworks */,
				1D8CCD011681328500260DAE /* AudioToolbox.framework in Frameworks */,
				1D8CCD001681327E00260DAE /* CFNetwork.framework in Frameworks */,
				1D8CCCFF1681327800260DAE /* AdSupport.framework in Frameworks */,
				1D8CCCF8168131C900260DAE /* libsqlite3.dylib in Frameworks */,
				1D8CCCF61681317A00260DAE /* CoreLocation.framework in Frameworks */,
				1D8CCCF31681313B00260DAE /* Accounts.framework in Frameworks */,
				1D8CCCF21681310D00260DAE /* Social.framework in Frameworks */,
				1D8CCCF11681310400260DAE /* MessageUI.framework in Frameworks */,
				1D8CCCF0168130FE00260DAE /* MobileCoreServices.framework in Frameworks */,
				1D8CCCEF168130F500260DAE /* QuartzCore.framework in Frameworks */,
				1D8CCCEE168130EF00260DAE /* Security.framework in Frameworks */,
				1D8CCCED168130E500260DAE /* SystemConfiguration.framework in Frameworks */,
				1D8CCC6F167FE72300260DAE /* UIKit.framework in Frameworks */,
				1D8CCC71167FE72300260DAE /* Foundation.framework in Frameworks */,
				1D8CCC73167FE72300260DAE /* CoreGraphics.framework in Frameworks */,
				1D8CCCC31680C37A00260DAE /* libFlurry.a in Frameworks */,
				1D8CCCCA1680C38800260DAE /* libTestFlight.a in Frameworks */,
				1DA844E216B96AC1000A5822 /* Crashlytics.framework in Frameworks */,
			);
			runOnlyForDeploymentPostprocessing = 0;
		};
		1D8CCCA1167FE72300260DAE /* Frameworks */ = {
			isa = PBXFrameworksBuildPhase;
			buildActionMask = 2147483647;
			files = (
				1D8CCCA7167FE72300260DAE /* SenTestingKit.framework in Frameworks */,
				1D8CCCA8167FE72300260DAE /* UIKit.framework in Frameworks */,
				1D8CCCA9167FE72300260DAE /* Foundation.framework in Frameworks */,
			);
			runOnlyForDeploymentPostprocessing = 0;
		};
/* End PBXFrameworksBuildPhase section */

/* Begin PBXGroup section */
		1D58DDF016854D9800623FBA /* UIImage */ = {
			isa = PBXGroup;
			children = (
				1D58DDF116854DA400623FBA /* UIImage+AlphaAdditions.h */,
				1D58DDF216854DA400623FBA /* UIImage+AlphaAdditions.m */,
				1D58DDF316854DA400623FBA /* UIImage+ResizeAdditions.h */,
				1D58DDF416854DA400623FBA /* UIImage+ResizeAdditions.m */,
				1D58DDF516854DA400623FBA /* UIImage+RoundedCornerAdditions.h */,
				1D58DDF616854DA400623FBA /* UIImage+RoundedCornerAdditions.m */,
			);
			name = UIImage;
			path = MotorMouth;
			sourceTree = "<group>";
		};
		1D5B7BB81685992000D04E76 /* keyboard */ = {
			isa = PBXGroup;
			children = (
				1D5B7BB91685992D00D04E76 /* TPKeyboardAvoidingScrollView.h */,
				1D5B7BBA1685992D00D04E76 /* TPKeyboardAvoidingScrollView.m */,
			);
			name = keyboard;
			sourceTree = "<group>";
		};
		1D5B7C0816890FED00D04E76 /* other classes */ = {
			isa = PBXGroup;
			children = (
				1D8FF48616E2F4C20073F1FA /* ABTableViewCell.h */,
				1D8FF48716E2F4C20073F1FA /* ABTableViewCell.m */,
				1D8FF48016E2EF340073F1FA /* DefaultPhotoCell.h */,
				1D8FF47F16E2EF340073F1FA /* DefaultPhotoCell.m */,
				1D8FF48D16E534410073F1FA /* CPFQueryCollectionViewController.h */,
				1D8FF48E16E534410073F1FA /* CPFQueryCollectionViewController.m */,
				1D8FF48216E2EF350073F1FA /* DefaultPhotoDataObject.h */,
				1D8FF48116E2EF340073F1FA /* DefaultPhotoDataObject.m */,
				1D5B7C23168B6B8500D04E76 /* mmObject.h */,
				1D5B7C24168B6B8500D04E76 /* mmObject.m */,
				1D5B7C12168915D500D04E76 /* GeoPointAnnotation.h */,
				1D5B7C13168915D500D04E76 /* GeoPointAnnotation.m */,
				1D58DDFA16857CD100623FBA /* Camera.h */,
				1D58DDFB16857CD100623FBA /* Camera.m */,
				1D5B7BC8168669EE00D04E76 /* Location.h */,
				1D5B7BC9168669EE00D04E76 /* Location.m */,
				1D58DDED16854BFB00623FBA /* Consts.h */,
				1D58DDEE16854BFB00623FBA /* Consts.m */,
				1D5B7C861693CE8000D04E76 /* PhotoAlbum.h */,
				1D5B7C871693CE8100D04E76 /* PhotoAlbum.m */,
				1DA0B54416F6589A00EA7374 /* SaveLocalDataManager.h */,
				1DA0B54516F6589A00EA7374 /* SaveLocalDataManager.m */,
			);
			name = "other classes";
			sourceTree = "<group>";
		};
		1D5B7C7F168FBF1000D04E76 /* ZoomView */ = {
			isa = PBXGroup;
			children = (
				1D5B7C80168FBF2300D04E76 /* TapDetectingImageView.h */,
				1D5B7C81168FBF2300D04E76 /* TapDetectingImageView.m */,
				1D5B7C82168FBF2300D04E76 /* ZoomViewController.h */,
				1D5B7C83168FBF2300D04E76 /* ZoomViewController.m */,
			);
			name = ZoomView;
			sourceTree = "<group>";
		};
		1D5C29C01684CCB800289DFD /* assets */ = {
			isa = PBXGroup;
			children = (
				6E9AECB116F6924400FC019B /* toolbar-logo.png */,
				1DA844D216B84F82000A5822 /* Default@2x.png */,
				1D6F509C16EAC831001A2F89 /* settings_button.png */,
				1D1990C316E7C589007DE409 /* border.png */,
				1D1990C116E7BC68007DE409 /* header.png */,
				1D1990BD16E7B2F4007DE409 /* capture-start_on.png */,
				1D1990BE16E7B2F4007DE409 /* capture-start_off.png */,
				1D1990BA16E79CF1007DE409 /* button-shield-homescreen.png */,
				1DA844BD16B84F3D000A5822 /* 57x57.png */,
				1DA844BE16B84F3D000A5822 /* 72x72.png */,
				1DA844BF16B84F3D000A5822 /* 114x114.png */,
				1DA844C016B84F3D000A5822 /* 512x512.png */,
				1DA844C116B84F3D000A5822 /* Default-568h@2x.png */,
				1DA844C216B84F3D000A5822 /* Default.png */,
				1DA844C316B84F3D000A5822 /* Default@2x.png */,
				1DA844C416B84F3D000A5822 /* MM-Logo-Gigantic.png */,
				1D8CCC89167FE72300260DAE /* first.png */,
				1D8CCC8B167FE72300260DAE /* first@2x.png */,
				1D8CCC90167FE72300260DAE /* second.png */,
				1D8CCC92167FE72300260DAE /* second@2x.png */,
				1D5B7BBC168661DA00D04E76 /* ANGRY FACE-1.gif */,
				1D5B7BBD168661DA00D04E76 /* happy-face.jpg */,
				1D58DDEB1685499800623FBA /* camera.jpeg */,
				1D5C29EB168546F200289DFD /* login-button-small-pressed.png */,
				1D5C29EC168546F200289DFD /* login-button-small-pressed@2x.png */,
				1D5C29ED168546F200289DFD /* login-button-small.png */,
				1D5C29EE168546F200289DFD /* login-button-small@2x.png */,
			);
			name = assets;
			sourceTree = "<group>";
		};
		1D8CCC5F167FE72200260DAE = {
			isa = PBXGroup;
			children = (
				1D8CCC74167FE72300260DAE /* MotorMouth */,
				1D8CCCAC167FE72300260DAE /* MotorMouthTests */,
				1D8CCD02168134E200260DAE /* libs */,
				1D8CCC6D167FE72300260DAE /* Frameworks */,
				1D8CCC6B167FE72300260DAE /* Products */,
			);
			sourceTree = "<group>";
		};
		1D8CCC6B167FE72300260DAE /* Products */ = {
			isa = PBXGroup;
			children = (
				1D8CCC6A167FE72300260DAE /* MotorMouth.app */,
				1D8CCCA5167FE72300260DAE /* MotorMouthTests.octest */,
			);
			name = Products;
			sourceTree = "<group>";
		};
		1D8CCC6D167FE72300260DAE /* Frameworks */ = {
			isa = PBXGroup;
			children = (
				1DA844E116B96AC1000A5822 /* Crashlytics.framework */,
				1D5B7C891693D36000D04E76 /* AssetsLibrary.framework */,
				1D5B7C151689175D00D04E76 /* MapKit.framework */,
				1D5C29E1168530FE00289DFD /* libz.1.1.3.dylib */,
				1D8CCCFD1681323E00260DAE /* AdSupport.framework */,
				1D8CCCFB1681321800260DAE /* CFNetwork.framework */,
				1D8CCCF9168131EF00260DAE /* AudioToolbox.framework */,
				1D8CCCF41681316700260DAE /* CoreLocation.framework */,
				1D8CCCEB1681304500260DAE /* SystemConfiguration.framework */,
				1D8CCCE91681303B00260DAE /* Security.framework */,
				1D8CCCE71681303100260DAE /* QuartzCore.framework */,
				1D8CCCE51681302600260DAE /* MobileCoreServices.framework */,
				1D8CCCE31681301600260DAE /* MessageUI.framework */,
				1D8CCCE11681300800260DAE /* Social.framework */,
				1D8CCCDF16812FFB00260DAE /* Accounts.framework */,
				1D8CCCBD167FE7A600260DAE /* Parse.framework */,
				1D8CCC6E167FE72300260DAE /* UIKit.framework */,
				1D8CCC70167FE72300260DAE /* Foundation.framework */,
				1D8CCC72167FE72300260DAE /* CoreGraphics.framework */,
				1D8CCCA6167FE72300260DAE /* SenTestingKit.framework */,
			);
			name = Frameworks;
			sourceTree = "<group>";
		};
		1D8CCC74167FE72300260DAE /* MotorMouth */ = {
			isa = PBXGroup;
			children = (
				1D8CCC7D167FE72300260DAE /* AppDelegate.h */,
				1D8CCC7E167FE72300260DAE /* AppDelegate.m */,
				1DEAA5E316F3D457005BC10C /* 0 - Home */,
				1D8FF4A116E676DD0073F1FA /* 1 - Login / Register */,
				1DEAA5E416F3D487005BC10C /* 2 - Settings */,
				1DEAA5E616F3D50F005BC10C /* 3 - Plate  */,
				1DA0B54716F67EFE00EA7374 /* 4 - Plate Continue */,
				1DEAA5E516F3D4D5005BC10C /* ***** old / garbage */,
				1D5B7C0816890FED00D04E76 /* other classes */,
				1D5C29C01684CCB800289DFD /* assets */,
				1D8CCC75167FE72300260DAE /* Supporting Files */,
			);
			path = MotorMouth;
			sourceTree = "<group>";
		};
		1D8CCC75167FE72300260DAE /* Supporting Files */ = {
			isa = PBXGroup;
			children = (
				1D8CCCF7168131C900260DAE /* libsqlite3.dylib */,
				1D8CCCDD16812FC200260DAE /* libz.dylib */,
				1D8CCC76167FE72300260DAE /* MotorMouth-Info.plist */,
				1D8CCC77167FE72300260DAE /* InfoPlist.strings */,
				1D8CCC7A167FE72300260DAE /* main.m */,
				1D8CCC7C167FE72300260DAE /* MotorMouth-Prefix.pch */,
				1D8CCC80167FE72300260DAE /* Default.png */,
				1D8CCC82167FE72300260DAE /* Default@2x.png */,
				1D8CCC84167FE72300260DAE /* Default-568h@2x.png */,
			);
			name = "Supporting Files";
			sourceTree = "<group>";
		};
		1D8CCCAC167FE72300260DAE /* MotorMouthTests */ = {
			isa = PBXGroup;
			children = (
				1D8CCCAD167FE72300260DAE /* Supporting Files */,
				1D8CCCB2167FE72300260DAE /* MotorMouthTests.h */,
				1D8CCCB3167FE72300260DAE /* MotorMouthTests.m */,
			);
			path = MotorMouthTests;
			sourceTree = "<group>";
		};
		1D8CCCAD167FE72300260DAE /* Supporting Files */ = {
			isa = PBXGroup;
			children = (
				1D8CCCAE167FE72300260DAE /* MotorMouthTests-Info.plist */,
				1D8CCCAF167FE72300260DAE /* InfoPlist.strings */,
			);
			name = "Supporting Files";
			sourceTree = "<group>";
		};
		1D8CCCBF1680C37A00260DAE /* Flurry */ = {
			isa = PBXGroup;
			children = (
				1D8CCCC01680C37A00260DAE /* Flurry.h */,
				1D8CCCC11680C37A00260DAE /* libFlurry.a */,
				1D8CCCC21680C37A00260DAE /* ProjectApiKey.txt */,
			);
			path = Flurry;
			sourceTree = "<group>";
		};
		1D8CCCC51680C38800260DAE /* TestFlightSDK1.1 */ = {
			isa = PBXGroup;
			children = (
				1D8CCCC61680C38800260DAE /* libTestFlight.a */,
				1D8CCCC71680C38800260DAE /* README.md */,
				1D8CCCC81680C38800260DAE /* release_notes.md */,
				1D8CCCC91680C38800260DAE /* TestFlight.h */,
			);
			path = TestFlightSDK1.1;
			sourceTree = "<group>";
		};
		1D8CCCCD1680C39B00260DAE /* Reachability */ = {
			isa = PBXGroup;
			children = (
				1D8CCCCE1680C39B00260DAE /* Reachability.h */,
				1D8CCCCF1680C39B00260DAE /* Reachability.m */,
			);
			path = Reachability;
			sourceTree = "<group>";
		};
		1D8CCD02168134E200260DAE /* libs */ = {
			isa = PBXGroup;
			children = (
				1D5B7C7F168FBF1000D04E76 /* ZoomView */,
				1D5B7BB81685992000D04E76 /* keyboard */,
				1D58DDF016854D9800623FBA /* UIImage */,
				1D8CCCCD1680C39B00260DAE /* Reachability */,
				1D8CCCC51680C38800260DAE /* TestFlightSDK1.1 */,
				1D8CCCBF1680C37A00260DAE /* Flurry */,
			);
			name = libs;
			sourceTree = "<group>";
		};
		1D8FF4A116E676DD0073F1FA /* 1 - Login / Register */ = {
			isa = PBXGroup;
			children = (
				1D8FF4A416E676EA0073F1FA /* SubclassConfigViewController.h */,
				1D8FF4A216E676EA0073F1FA /* SubclassConfigViewController.m */,
				1D8FF4A316E676EA0073F1FA /* SubclassConfigViewController.xib */,
				1D8FF4A516E676EA0073F1FA /* MyLogInViewController.h */,
				1D8FF4A616E676EA0073F1FA /* MyLogInViewController.m */,
				1D8FF4A716E676EA0073F1FA /* MySignUpViewController.h */,
				1D8FF4A816E676EA0073F1FA /* MySignUpViewController.m */,
				1D8FF4AD16E678FF0073F1FA /* assets */,
			);
			name = "1 - Login / Register";
			sourceTree = "<group>";
		};
		1D8FF4AD16E678FF0073F1FA /* assets */ = {
			isa = PBXGroup;
			children = (
				1D8FF4AE16E6790B0073F1FA /* Exit.png */,
				1D8FF4AF16E6790B0073F1FA /* ExitDown.png */,
				1D8FF4B016E6790B0073F1FA /* Facebook.png */,
				1D8FF4B116E6790B0073F1FA /* FacebookDown.png */,
				1D8FF4B216E6790B0073F1FA /* LoginFieldBG.png */,
				1D8FF4B316E6790B0073F1FA /* Logo.png */,
				1D8FF4B416E6790B0073F1FA /* MainBG.png */,
				1D8FF4B516E6790B0073F1FA /* SignUp.png */,
				1D8FF4B616E6790B0073F1FA /* SignUpDown.png */,
				1D8FF4B716E6790B0073F1FA /* SignUpFieldBG.png */,
				1D8FF4B816E6790B0073F1FA /* Twitter.png */,
				1D8FF4B916E6790B0073F1FA /* TwitterDown.png */,
			);
			name = assets;
			sourceTree = "<group>";
		};
		1DA0B54716F67EFE00EA7374 /* 4 - Plate Continue */ = {
			isa = PBXGroup;
			children = (
				1DA0B56C16F69E5D00EA7374 /* assets */,
				1DA0B55916F68B0600EA7374 /* tempAssets */,
				1DA0B54816F67F8300EA7374 /* PlateContinueViewController.h */,
				1DA0B54916F67F8300EA7374 /* PlateContinueViewController.m */,
				1DA0B54A16F67F8300EA7374 /* PlateContinueViewController.xib */,
				1DA0B56716F6990B00EA7374 /* MessagesViewController.h */,
				1DA0B56816F6990B00EA7374 /* MessagesViewController.m */,
				1DA0B56916F6990C00EA7374 /* MessagesViewController.xib */,
			);
			name = "4 - Plate Continue";
			sourceTree = "<group>";
		};
		1DA0B55916F68B0600EA7374 /* tempAssets */ = {
			isa = PBXGroup;
			children = (
				1DA0B55B16F68B1600EA7374 /* photo5.png */,
				1DA0B55C16F68B1600EA7374 /* photo4.png */,
				1DA0B55D16F68B1600EA7374 /* photo3.png */,
				1DA0B55E16F68B1600EA7374 /* photo2.png */,
				1DA0B55F16F68B1600EA7374 /* photo1.png */,
			);
			name = tempAssets;
			sourceTree = "<group>";
		};
		1DA0B56C16F69E5D00EA7374 /* assets */ = {
			isa = PBXGroup;
			children = (
				1DA0B57616F7586400EA7374 /* message-horiz-line.png */,
				1DA0B57716F7586400EA7374 /* message-vert-line.png */,
				1DA0B56D16F69EA200EA7374 /* message-bg-on.png */,
				1DA0B56E16F69EA200EA7374 /* message-bg-off.png */,
			);
			name = assets;
			sourceTree = "<group>";
		};
		1DEAA5E316F3D457005BC10C /* 0 - Home */ = {
			isa = PBXGroup;
			children = (
				1D8FF49316E534D60073F1FA /* HomeViewController.h */,
				1D8FF49416E534D60073F1FA /* HomeViewController.m */,
				1D8FF49B16E554960073F1FA /* NibCell.xib */,
			);
			name = "0 - Home";
			sourceTree = "<group>";
		};
		1DEAA5E416F3D487005BC10C /* 2 - Settings */ = {
			isa = PBXGroup;
			children = (
				1D6F509F16EACD39001A2F89 /* SettingsViewController.h */,
				1D6F50A016EACD39001A2F89 /* SettingsViewController.m */,
				1D6F50A116EACD3A001A2F89 /* SettingsViewController.xib */,
			);
			name = "2 - Settings";
			sourceTree = "<group>";
		};
		1DEAA5E516F3D4D5005BC10C /* ***** old / garbage */ = {
			isa = PBXGroup;
			children = (
				1D5B7C091689142800D04E76 /* MapViewController.h */,
				1D5B7C0A1689142800D04E76 /* MapViewController.m */,
				1D5B7C0B1689142800D04E76 /* MapViewController.xib */,
				1D5B7BCF168905CC00D04E76 /* MainViewController.h */,
				1D5C29B51684CBB500289DFD /* MainViewController.m */,
				1D8CCC8D167FE72300260DAE /* SearchViewController.h */,
				1D8CCC8E167FE72300260DAE /* SearchViewController.m */,
				1D8CCC9A167FE72300260DAE /* SearchViewController.xib */,
			);
			name = "***** old / garbage";
			sourceTree = "<group>";
		};
		1DEAA5E616F3D50F005BC10C /* 3 - Plate  */ = {
			isa = PBXGroup;
			children = (
				6E9AEC9916F6810C00FC019B /* assets */,
				1D5B7BAB16858BF300D04E76 /* PlateViewController.h */,
				1D5B7BAC16858BF300D04E76 /* PlateViewController.m */,
				1D5B7BAD16858BF300D04E76 /* PlateViewController.xib */,
			);
			name = "3 - Plate ";
			sourceTree = "<group>";
		};
		6E9AEC9916F6810C00FC019B /* assets */ = {
			isa = PBXGroup;
			children = (
				6E9AECAF16F691B700FC019B /* savecontinueDown.png */,
				6E9AECAD16F68BCF00FC019B /* savecontinue.png */,
				6E9AECAB16F6881F00FC019B /* plate-bg.png */,
				6E9AECA316F6821A00FC019B /* thumbs-down-off.png */,
				6E9AECA416F6821A00FC019B /* thumbs-down-on.png */,
				6E9AECA516F6821A00FC019B /* thumbs-up-off.png */,
				6E9AECA616F6821A00FC019B /* thumbs-up-on.png */,
			);
			name = assets;
			sourceTree = "<group>";
		};
/* End PBXGroup section */

/* Begin PBXNativeTarget section */
		1D8CCC69167FE72300260DAE /* MotorMouth */ = {
			isa = PBXNativeTarget;
			buildConfigurationList = 1D8CCCB7167FE72300260DAE /* Build configuration list for PBXNativeTarget "MotorMouth" */;
			buildPhases = (
				1D8CCC66167FE72300260DAE /* Sources */,
				1D8CCC67167FE72300260DAE /* Frameworks */,
				1D8CCC68167FE72300260DAE /* Resources */,
				1DA844DF16B96A50000A5822 /* ShellScript */,
			);
			buildRules = (
			);
			dependencies = (
			);
			name = MotorMouth;
			productName = MotorMouth;
			productReference = 1D8CCC6A167FE72300260DAE /* MotorMouth.app */;
			productType = "com.apple.product-type.application";
		};
		1D8CCCA4167FE72300260DAE /* MotorMouthTests */ = {
			isa = PBXNativeTarget;
			buildConfigurationList = 1D8CCCBA167FE72300260DAE /* Build configuration list for PBXNativeTarget "MotorMouthTests" */;
			buildPhases = (
				1D8CCCA0167FE72300260DAE /* Sources */,
				1D8CCCA1167FE72300260DAE /* Frameworks */,
				1D8CCCA2167FE72300260DAE /* Resources */,
				1D8CCCA3167FE72300260DAE /* ShellScript */,
			);
			buildRules = (
			);
			dependencies = (
				1D8CCCAB167FE72300260DAE /* PBXTargetDependency */,
			);
			name = MotorMouthTests;
			productName = MotorMouthTests;
			productReference = 1D8CCCA5167FE72300260DAE /* MotorMouthTests.octest */;
			productType = "com.apple.product-type.bundle";
		};
/* End PBXNativeTarget section */

/* Begin PBXProject section */
		1D8CCC61167FE72200260DAE /* Project object */ = {
			isa = PBXProject;
			attributes = {
				LastUpgradeCheck = 0450;
				ORGANIZATIONNAME = "John Tubert";
			};
			buildConfigurationList = 1D8CCC64167FE72200260DAE /* Build configuration list for PBXProject "MotorMouth" */;
			compatibilityVersion = "Xcode 3.2";
			developmentRegion = English;
			hasScannedForEncodings = 0;
			knownRegions = (
				en,
			);
			mainGroup = 1D8CCC5F167FE72200260DAE;
			productRefGroup = 1D8CCC6B167FE72300260DAE /* Products */;
			projectDirPath = "";
			projectRoot = "";
			targets = (
				1D8CCC69167FE72300260DAE /* MotorMouth */,
				1D8CCCA4167FE72300260DAE /* MotorMouthTests */,
			);
		};
/* End PBXProject section */

/* Begin PBXResourcesBuildPhase section */
		1D8CCC68167FE72300260DAE /* Resources */ = {
			isa = PBXResourcesBuildPhase;
			buildActionMask = 2147483647;
			files = (
				1DA844D816B853D3000A5822 /* Default@2x.png in Resources */,
				1D8CCC79167FE72300260DAE /* InfoPlist.strings in Resources */,
				1D8CCC8A167FE72300260DAE /* first.png in Resources */,
				1D8CCC8C167FE72300260DAE /* first@2x.png in Resources */,
				1D8CCC91167FE72300260DAE /* second.png in Resources */,
				1D8CCC93167FE72300260DAE /* second@2x.png in Resources */,
				1D8CCC9C167FE72300260DAE /* SearchViewController.xib in Resources */,
				1D8CCCC41680C37A00260DAE /* ProjectApiKey.txt in Resources */,
				1D8CCCCB1680C38900260DAE /* README.md in Resources */,
				1D8CCCCC1680C38900260DAE /* release_notes.md in Resources */,
				1D5C29EF168546F200289DFD /* login-button-small-pressed.png in Resources */,
				1D5C29F0168546F200289DFD /* login-button-small-pressed@2x.png in Resources */,
				1D5C29F1168546F200289DFD /* login-button-small.png in Resources */,
				1D5C29F2168546F200289DFD /* login-button-small@2x.png in Resources */,
				1D58DDEC1685499800623FBA /* camera.jpeg in Resources */,
				1D5B7BAF16858BF300D04E76 /* PlateViewController.xib in Resources */,
				1D5B7BBE168661DA00D04E76 /* ANGRY FACE-1.gif in Resources */,
				1D5B7BBF168661DA00D04E76 /* happy-face.jpg in Resources */,
				1D5B7C0D1689142900D04E76 /* MapViewController.xib in Resources */,
				1DA844CC16B84F3D000A5822 /* MM-Logo-Gigantic.png in Resources */,
				1D8FF49C16E554960073F1FA /* NibCell.xib in Resources */,
				1D8FF4AA16E676EA0073F1FA /* SubclassConfigViewController.xib in Resources */,
				1D8FF4BA16E6790B0073F1FA /* Exit.png in Resources */,
				1D8FF4BB16E6790B0073F1FA /* ExitDown.png in Resources */,
				1D8FF4BC16E6790B0073F1FA /* Facebook.png in Resources */,
				1D8FF4BD16E6790B0073F1FA /* FacebookDown.png in Resources */,
				1D8FF4BE16E6790B0073F1FA /* LoginFieldBG.png in Resources */,
				1D8FF4BF16E6790B0073F1FA /* Logo.png in Resources */,
				1D8FF4C016E6790B0073F1FA /* MainBG.png in Resources */,
				1D8FF4C116E6790B0073F1FA /* SignUp.png in Resources */,
				1D8FF4C216E6790B0073F1FA /* SignUpDown.png in Resources */,
				1D8FF4C316E6790B0073F1FA /* SignUpFieldBG.png in Resources */,
				1D8FF4C416E6790B0073F1FA /* Twitter.png in Resources */,
				1D8FF4C516E6790B0073F1FA /* TwitterDown.png in Resources */,
				1D1990BB16E79CF1007DE409 /* button-shield-homescreen.png in Resources */,
				1D1990BF16E7B2F4007DE409 /* capture-start_on.png in Resources */,
				1D1990C016E7B2F4007DE409 /* capture-start_off.png in Resources */,
				1D1990C216E7BC68007DE409 /* header.png in Resources */,
				1D1990C416E7C589007DE409 /* border.png in Resources */,
				1D6F509D16EAC831001A2F89 /* settings_button.png in Resources */,
				1D6F50A316EACD3A001A2F89 /* SettingsViewController.xib in Resources */,
				1DA0B54C16F67F8300EA7374 /* PlateContinueViewController.xib in Resources */,
				1DA0B56016F68B1600EA7374 /* photo5.png in Resources */,
				1DA0B56116F68B1600EA7374 /* photo4.png in Resources */,
				1DA0B56216F68B1600EA7374 /* photo3.png in Resources */,
				1DA0B56316F68B1600EA7374 /* photo2.png in Resources */,
				1DA0B56416F68B1600EA7374 /* photo1.png in Resources */,
				1DA0B56B16F6990C00EA7374 /* MessagesViewController.xib in Resources */,
				1DA0B56F16F69EA200EA7374 /* message-bg-on.png in Resources */,
				1DA0B57016F69EA200EA7374 /* message-bg-off.png in Resources */,
				6E9AECA716F6821A00FC019B /* thumbs-down-off.png in Resources */,
				6E9AECA816F6821A00FC019B /* thumbs-down-on.png in Resources */,
				6E9AECA916F6821A00FC019B /* thumbs-up-off.png in Resources */,
				6E9AECAA16F6821A00FC019B /* thumbs-up-on.png in Resources */,
				6E9AECAC16F6882000FC019B /* plate-bg.png in Resources */,
				6E9AECAE16F68BCF00FC019B /* savecontinue.png in Resources */,
				6E9AECB016F691B700FC019B /* savecontinueDown.png in Resources */,
				6E9AECB216F6924400FC019B /* toolbar-logo.png in Resources */,
				1DA0B57816F7586400EA7374 /* message-horiz-line.png in Resources */,
				1DA0B57916F7586400EA7374 /* message-vert-line.png in Resources */,
			);
			runOnlyForDeploymentPostprocessing = 0;
		};
		1D8CCCA2167FE72300260DAE /* Resources */ = {
			isa = PBXResourcesBuildPhase;
			buildActionMask = 2147483647;
			files = (
				1D8CCCB1167FE72300260DAE /* InfoPlist.strings in Resources */,
			);
			runOnlyForDeploymentPostprocessing = 0;
		};
/* End PBXResourcesBuildPhase section */

/* Begin PBXShellScriptBuildPhase section */
		1D8CCCA3167FE72300260DAE /* ShellScript */ = {
			isa = PBXShellScriptBuildPhase;
			buildActionMask = 2147483647;
			files = (
			);
			inputPaths = (
			);
			outputPaths = (
			);
			runOnlyForDeploymentPostprocessing = 0;
			shellPath = /bin/sh;
			shellScript = "# Run the unit tests in this test bundle.\n\"${SYSTEM_DEVELOPER_DIR}/Tools/RunUnitTests\"\n";
		};
		1DA844DF16B96A50000A5822 /* ShellScript */ = {
			isa = PBXShellScriptBuildPhase;
			buildActionMask = 2147483647;
			files = (
			);
			inputPaths = (
			);
			outputPaths = (
			);
			runOnlyForDeploymentPostprocessing = 0;
			shellPath = /bin/sh;
			shellScript = "./Crashlytics.framework/run 4cec3d27c1349378ab58efe369f3e0d9fdd80d3f";
		};
/* End PBXShellScriptBuildPhase section */

/* Begin PBXSourcesBuildPhase section */
		1D8CCC66167FE72300260DAE /* Sources */ = {
			isa = PBXSourcesBuildPhase;
			buildActionMask = 2147483647;
			files = (
				1D8CCC7B167FE72300260DAE /* main.m in Sources */,
				1D8CCC7F167FE72300260DAE /* AppDelegate.m in Sources */,
				1D8CCC8F167FE72300260DAE /* SearchViewController.m in Sources */,
				1D8CCCD01680C39B00260DAE /* Reachability.m in Sources */,
				1D5C29BC1684CBB500289DFD /* MainViewController.m in Sources */,
				1D58DDEF16854BFB00623FBA /* Consts.m in Sources */,
				1D58DDF716854DA400623FBA /* UIImage+AlphaAdditions.m in Sources */,
				1D58DDF816854DA400623FBA /* UIImage+ResizeAdditions.m in Sources */,
				1D58DDF916854DA400623FBA /* UIImage+RoundedCornerAdditions.m in Sources */,
				1D58DDFC16857CD100623FBA /* Camera.m in Sources */,
				1D5B7BAE16858BF300D04E76 /* PlateViewController.m in Sources */,
				1D5B7BBB1685992E00D04E76 /* TPKeyboardAvoidingScrollView.m in Sources */,
				1D5B7BCA168669EE00D04E76 /* Location.m in Sources */,
				1D5B7C0C1689142900D04E76 /* MapViewController.m in Sources */,
				1D5B7C14168915D500D04E76 /* GeoPointAnnotation.m in Sources */,
				1D5B7C25168B6B8600D04E76 /* mmObject.m in Sources */,
				1D5B7C84168FBF2300D04E76 /* TapDetectingImageView.m in Sources */,
				1D5B7C85168FBF2300D04E76 /* ZoomViewController.m in Sources */,
				1D5B7C881693CE8100D04E76 /* PhotoAlbum.m in Sources */,
				1D8FF48316E2EF350073F1FA /* DefaultPhotoCell.m in Sources */,
				1D8FF48416E2EF350073F1FA /* DefaultPhotoDataObject.m in Sources */,
				1D8FF48816E2F4C20073F1FA /* ABTableViewCell.m in Sources */,
				1D8FF49116E534410073F1FA /* CPFQueryCollectionViewController.m in Sources */,
				1D8FF49616E534D60073F1FA /* HomeViewController.m in Sources */,
				1D8FF4A916E676EA0073F1FA /* SubclassConfigViewController.m in Sources */,
				1D8FF4AB16E676EA0073F1FA /* MyLogInViewController.m in Sources */,
				1D8FF4AC16E676EA0073F1FA /* MySignUpViewController.m in Sources */,
				1D6F50A216EACD3A001A2F89 /* SettingsViewController.m in Sources */,
				1DA0B54616F6589A00EA7374 /* SaveLocalDataManager.m in Sources */,
				1DA0B54B16F67F8300EA7374 /* PlateContinueViewController.m in Sources */,
				1DA0B56A16F6990C00EA7374 /* MessagesViewController.m in Sources */,
			);
			runOnlyForDeploymentPostprocessing = 0;
		};
		1D8CCCA0167FE72300260DAE /* Sources */ = {
			isa = PBXSourcesBuildPhase;
			buildActionMask = 2147483647;
			files = (
				1D8CCCB4167FE72300260DAE /* MotorMouthTests.m in Sources */,
			);
			runOnlyForDeploymentPostprocessing = 0;
		};
/* End PBXSourcesBuildPhase section */

/* Begin PBXTargetDependency section */
		1D8CCCAB167FE72300260DAE /* PBXTargetDependency */ = {
			isa = PBXTargetDependency;
			target = 1D8CCC69167FE72300260DAE /* MotorMouth */;
			targetProxy = 1D8CCCAA167FE72300260DAE /* PBXContainerItemProxy */;
		};
/* End PBXTargetDependency section */

/* Begin PBXVariantGroup section */
		1D8CCC77167FE72300260DAE /* InfoPlist.strings */ = {
			isa = PBXVariantGroup;
			children = (
				1D8CCC78167FE72300260DAE /* en */,
			);
			name = InfoPlist.strings;
			sourceTree = "<group>";
		};
		1D8CCC9A167FE72300260DAE /* SearchViewController.xib */ = {
			isa = PBXVariantGroup;
			children = (
				1D8CCC9B167FE72300260DAE /* en */,
			);
			name = SearchViewController.xib;
			sourceTree = "<group>";
		};
		1D8CCCAF167FE72300260DAE /* InfoPlist.strings */ = {
			isa = PBXVariantGroup;
			children = (
				1D8CCCB0167FE72300260DAE /* en */,
			);
			name = InfoPlist.strings;
			sourceTree = "<group>";
		};
/* End PBXVariantGroup section */

/* Begin XCBuildConfiguration section */
		1D8CCCB5167FE72300260DAE /* Debug */ = {
			isa = XCBuildConfiguration;
			buildSettings = {
				ALWAYS_SEARCH_USER_PATHS = NO;
				CLANG_CXX_LANGUAGE_STANDARD = "gnu++0x";
				CLANG_CXX_LIBRARY = "libc++";
				CLANG_ENABLE_OBJC_ARC = YES;
				CLANG_WARN_EMPTY_BODY = YES;
				CLANG_WARN__DUPLICATE_METHOD_MATCH = YES;
				CODE_SIGN_IDENTITY = "iPhone Developer: Steven Harrington (TB449TPX2W)";
				"CODE_SIGN_IDENTITY[sdk=iphoneos*]" = "iPhone Developer: Steven Harrington (TB449TPX2W)";
				COPY_PHASE_STRIP = NO;
				GCC_C_LANGUAGE_STANDARD = gnu99;
				GCC_DYNAMIC_NO_PIC = NO;
				GCC_OPTIMIZATION_LEVEL = 0;
				GCC_PREPROCESSOR_DEFINITIONS = (
					"DEBUG=1",
					"$(inherited)",
				);
				GCC_SYMBOLS_PRIVATE_EXTERN = NO;
				GCC_VERSION = com.apple.compilers.llvm.clang.1_0;
				GCC_WARN_ABOUT_RETURN_TYPE = YES;
				GCC_WARN_UNINITIALIZED_AUTOS = YES;
				GCC_WARN_UNUSED_VARIABLE = YES;
				IPHONEOS_DEPLOYMENT_TARGET = 5.1;
				PROVISIONING_PROFILE = "403FEA74-66EE-4D73-B68B-CA3D10381390";
				"PROVISIONING_PROFILE[sdk=iphoneos*]" = "403FEA74-66EE-4D73-B68B-CA3D10381390";
				SDKROOT = iphoneos;
				TARGETED_DEVICE_FAMILY = "1,2";
			};
			name = Debug;
		};
		1D8CCCB6167FE72300260DAE /* Release */ = {
			isa = XCBuildConfiguration;
			buildSettings = {
				ALWAYS_SEARCH_USER_PATHS = NO;
				CLANG_CXX_LANGUAGE_STANDARD = "gnu++0x";
				CLANG_CXX_LIBRARY = "libc++";
				CLANG_ENABLE_OBJC_ARC = YES;
				CLANG_WARN_EMPTY_BODY = YES;
				CLANG_WARN__DUPLICATE_METHOD_MATCH = YES;
				CODE_SIGN_IDENTITY = "iPhone Developer: Steven Harrington (TB449TPX2W)";
				"CODE_SIGN_IDENTITY[sdk=iphoneos*]" = "iPhone Developer: Steven Harrington (TB449TPX2W)";
				COPY_PHASE_STRIP = YES;
				GCC_C_LANGUAGE_STANDARD = gnu99;
				GCC_VERSION = com.apple.compilers.llvm.clang.1_0;
				GCC_WARN_ABOUT_RETURN_TYPE = YES;
				GCC_WARN_UNINITIALIZED_AUTOS = YES;
				GCC_WARN_UNUSED_VARIABLE = YES;
				IPHONEOS_DEPLOYMENT_TARGET = 5.1;
				OTHER_CFLAGS = "-DNS_BLOCK_ASSERTIONS=1";
				PROVISIONING_PROFILE = "403FEA74-66EE-4D73-B68B-CA3D10381390";
				"PROVISIONING_PROFILE[sdk=iphoneos*]" = "403FEA74-66EE-4D73-B68B-CA3D10381390";
				SDKROOT = iphoneos;
				TARGETED_DEVICE_FAMILY = "1,2";
				VALIDATE_PRODUCT = YES;
			};
			name = Release;
		};
		1D8CCCB8167FE72300260DAE /* Debug */ = {
			isa = XCBuildConfiguration;
			buildSettings = {
				ALTERNATE_GROUP = "";
				CLANG_CXX_LANGUAGE_STANDARD = "compiler-default";
				CLANG_CXX_LIBRARY = "compiler-default";
				CODE_SIGN_IDENTITY = "iPhone Developer: Steven Harrington (TB449TPX2W)";
				"CODE_SIGN_IDENTITY[sdk=iphoneos*]" = "iPhone Developer: Steven Harrington (TB449TPX2W)";
				FRAMEWORK_SEARCH_PATHS = (
					"$(inherited)",
					.,
				);
				GCC_PRECOMPILE_PREFIX_HEADER = YES;
				GCC_PREFIX_HEADER = "MotorMouth/MotorMouth-Prefix.pch";
				GCC_VERSION = com.apple.compilers.llvm.clang.1_0;
				INFOPLIST_FILE = "MotorMouth/MotorMouth-Info.plist";
				INSTALL_GROUP = "";
				IPHONEOS_DEPLOYMENT_TARGET = 5.1;
				LIBRARY_SEARCH_PATHS = (
					"$(inherited)",
					"\"./Flurry\"",
					"\"./TestFlightSDK1.1\"",
				);
				PRODUCT_NAME = "$(TARGET_NAME)";
				PROVISIONING_PROFILE = "403FEA74-66EE-4D73-B68B-CA3D10381390";
				"PROVISIONING_PROFILE[sdk=iphoneos*]" = "403FEA74-66EE-4D73-B68B-CA3D10381390";
				TARGETED_DEVICE_FAMILY = 1;
				WRAPPER_EXTENSION = app;
			};
			name = Debug;
		};
		1D8CCCB9167FE72300260DAE /* Release */ = {
			isa = XCBuildConfiguration;
			buildSettings = {
				ALTERNATE_GROUP = "";
				CLANG_CXX_LANGUAGE_STANDARD = "compiler-default";
				CLANG_CXX_LIBRARY = "compiler-default";
				CODE_SIGN_IDENTITY = "iPhone Developer: Steven Harrington (TB449TPX2W)";
				"CODE_SIGN_IDENTITY[sdk=iphoneos*]" = "iPhone Developer: Steven Harrington (TB449TPX2W)";
				FRAMEWORK_SEARCH_PATHS = (
					"$(inherited)",
					.,
				);
				GCC_PRECOMPILE_PREFIX_HEADER = YES;
				GCC_PREFIX_HEADER = "MotorMouth/MotorMouth-Prefix.pch";
				GCC_VERSION = com.apple.compilers.llvm.clang.1_0;
				INFOPLIST_FILE = "MotorMouth/MotorMouth-Info.plist";
				INSTALL_GROUP = "";
				IPHONEOS_DEPLOYMENT_TARGET = 5.1;
				LIBRARY_SEARCH_PATHS = (
					"$(inherited)",
					"\"./Flurry\"",
					"\"./TestFlightSDK1.1\"",
				);
				PRODUCT_NAME = "$(TARGET_NAME)";
				PROVISIONING_PROFILE = "403FEA74-66EE-4D73-B68B-CA3D10381390";
				"PROVISIONING_PROFILE[sdk=iphoneos*]" = "403FEA74-66EE-4D73-B68B-CA3D10381390";
				TARGETED_DEVICE_FAMILY = 1;
				WRAPPER_EXTENSION = app;
			};
			name = Release;
		};
		1D8CCCBB167FE72300260DAE /* Debug */ = {
			isa = XCBuildConfiguration;
			buildSettings = {
				BUNDLE_LOADER = "$(BUILT_PRODUCTS_DIR)/MotorMouth.app/MotorMouth";
				FRAMEWORK_SEARCH_PATHS = (
					"\"$(SDKROOT)/Developer/Library/Frameworks\"",
					"\"$(DEVELOPER_LIBRARY_DIR)/Frameworks\"",
				);
				GCC_PRECOMPILE_PREFIX_HEADER = YES;
				GCC_PREFIX_HEADER = "MotorMouth/MotorMouth-Prefix.pch";
				INFOPLIST_FILE = "MotorMouthTests/MotorMouthTests-Info.plist";
				PRODUCT_NAME = "$(TARGET_NAME)";
				TEST_HOST = "$(BUNDLE_LOADER)";
				WRAPPER_EXTENSION = octest;
			};
			name = Debug;
		};
		1D8CCCBC167FE72300260DAE /* Release */ = {
			isa = XCBuildConfiguration;
			buildSettings = {
				BUNDLE_LOADER = "$(BUILT_PRODUCTS_DIR)/MotorMouth.app/MotorMouth";
				FRAMEWORK_SEARCH_PATHS = (
					"\"$(SDKROOT)/Developer/Library/Frameworks\"",
					"\"$(DEVELOPER_LIBRARY_DIR)/Frameworks\"",
				);
				GCC_PRECOMPILE_PREFIX_HEADER = YES;
				GCC_PREFIX_HEADER = "MotorMouth/MotorMouth-Prefix.pch";
				INFOPLIST_FILE = "MotorMouthTests/MotorMouthTests-Info.plist";
				PRODUCT_NAME = "$(TARGET_NAME)";
				TEST_HOST = "$(BUNDLE_LOADER)";
				WRAPPER_EXTENSION = octest;
			};
			name = Release;
		};
/* End XCBuildConfiguration section */

/* Begin XCConfigurationList section */
		1D8CCC64167FE72200260DAE /* Build configuration list for PBXProject "MotorMouth" */ = {
			isa = XCConfigurationList;
			buildConfigurations = (
				1D8CCCB5167FE72300260DAE /* Debug */,
				1D8CCCB6167FE72300260DAE /* Release */,
			);
			defaultConfigurationIsVisible = 0;
			defaultConfigurationName = Release;
		};
		1D8CCCB7167FE72300260DAE /* Build configuration list for PBXNativeTarget "MotorMouth" */ = {
			isa = XCConfigurationList;
			buildConfigurations = (
				1D8CCCB8167FE72300260DAE /* Debug */,
				1D8CCCB9167FE72300260DAE /* Release */,
			);
			defaultConfigurationIsVisible = 0;
			defaultConfigurationName = Release;
		};
		1D8CCCBA167FE72300260DAE /* Build configuration list for PBXNativeTarget "MotorMouthTests" */ = {
			isa = XCConfigurationList;
			buildConfigurations = (
				1D8CCCBB167FE72300260DAE /* Debug */,
				1D8CCCBC167FE72300260DAE /* Release */,
			);
			defaultConfigurationIsVisible = 0;
			defaultConfigurationName = Release;
		};
/* End XCConfigurationList section */
	};
	rootObject = 1D8CCC61167FE72200260DAE /* Project object */;
}
